// !$*UTF8*$!
{
	archiveVersion = 1;
	classes = {
	};
	objectVersion = 46;
	objects = {

/* Begin PBXBuildFile section */
		8614E8071CA5F39600DF48EA /* AppDelegate.swift in Sources */ = {isa = PBXBuildFile; fileRef = 8614E8061CA5F39600DF48EA /* AppDelegate.swift */; };
		8614E80F1CA5F39600DF48EA /* Tweed.xcdatamodeld in Sources */ = {isa = PBXBuildFile; fileRef = 8614E80D1CA5F39600DF48EA /* Tweed.xcdatamodeld */; };
		8614E8111CA5F39600DF48EA /* Assets.xcassets in Resources */ = {isa = PBXBuildFile; fileRef = 8614E8101CA5F39600DF48EA /* Assets.xcassets */; };
		8614E8141CA5F39600DF48EA /* LaunchScreen.storyboard in Resources */ = {isa = PBXBuildFile; fileRef = 8614E8121CA5F39600DF48EA /* LaunchScreen.storyboard */; };
		8614E81F1CA5F39600DF48EA /* TweedTests.swift in Sources */ = {isa = PBXBuildFile; fileRef = 8614E81E1CA5F39600DF48EA /* TweedTests.swift */; };
		8614E82A1CA5F39600DF48EA /* TweedUITests.swift in Sources */ = {isa = PBXBuildFile; fileRef = 8614E8291CA5F39600DF48EA /* TweedUITests.swift */; };
		8614E83A1CA5F64000DF48EA /* DataManager.m in Sources */ = {isa = PBXBuildFile; fileRef = 8614E8391CA5F64000DF48EA /* DataManager.m */; };
		8614E83E1CA5F6EC00DF48EA /* HomeViewController.swift in Sources */ = {isa = PBXBuildFile; fileRef = 8614E83D1CA5F6EC00DF48EA /* HomeViewController.swift */; };
		862A4A2D1CA77DCD009B29F4 /* circle3.png in Resources */ = {isa = PBXBuildFile; fileRef = 862A4A2C1CA77DCD009B29F4 /* circle3.png */; };
		862A4A381CA7845D009B29F4 /* SeshAlertView.m in Sources */ = {isa = PBXBuildFile; fileRef = 862A4A301CA7845D009B29F4 /* SeshAlertView.m */; };
		862A4A391CA7845D009B29F4 /* SeshAlertViewController.m in Sources */ = {isa = PBXBuildFile; fileRef = 862A4A321CA7845D009B29F4 /* SeshAlertViewController.m */; };
		862A4A3A1CA7845D009B29F4 /* SeshAlertViewItem.m in Sources */ = {isa = PBXBuildFile; fileRef = 862A4A351CA7845D009B29F4 /* SeshAlertViewItem.m */; };
		862A4A3B1CA7845D009B29F4 /* SeshAlertViewManager.m in Sources */ = {isa = PBXBuildFile; fileRef = 862A4A371CA7845D009B29F4 /* SeshAlertViewManager.m */; };
		862A4A3F1CA78475009B29F4 /* SeshBlurWindow.m in Sources */ = {isa = PBXBuildFile; fileRef = 862A4A3E1CA78475009B29F4 /* SeshBlurWindow.m */; };
		862A4A421CA7851D009B29F4 /* SeshTopBarView.m in Sources */ = {isa = PBXBuildFile; fileRef = 862A4A411CA7851D009B29F4 /* SeshTopBarView.m */; };
		862A4A451CA78533009B29F4 /* SeshIncreaseTapRadiusButton.m in Sources */ = {isa = PBXBuildFile; fileRef = 862A4A441CA78533009B29F4 /* SeshIncreaseTapRadiusButton.m */; };
		862A4A481CA7855E009B29F4 /* SeshUtils.m in Sources */ = {isa = PBXBuildFile; fileRef = 862A4A471CA7855E009B29F4 /* SeshUtils.m */; };
		862A4A4B1CA78573009B29F4 /* SeshButton.m in Sources */ = {isa = PBXBuildFile; fileRef = 862A4A4A1CA78573009B29F4 /* SeshButton.m */; };
		862A4A4E1CA785BE009B29F4 /* UIApplication+SeshUtils.m in Sources */ = {isa = PBXBuildFile; fileRef = 862A4A4D1CA785BE009B29F4 /* UIApplication+SeshUtils.m */; };
		862A4A511CA785CB009B29F4 /* UIWindow+Sesh.m in Sources */ = {isa = PBXBuildFile; fileRef = 862A4A501CA785CB009B29F4 /* UIWindow+Sesh.m */; };
		862A4A531CA78B0B009B29F4 /* AddedHandleTableViewCell.swift in Sources */ = {isa = PBXBuildFile; fileRef = 862A4A521CA78B0B009B29F4 /* AddedHandleTableViewCell.swift */; };
		862A4A571CA852B4009B29F4 /* ViewProfileAlertView.swift in Sources */ = {isa = PBXBuildFile; fileRef = 862A4A551CA852B4009B29F4 /* ViewProfileAlertView.swift */; };
		862A4A581CA852B4009B29F4 /* ViewProfileAlertViewController.swift in Sources */ = {isa = PBXBuildFile; fileRef = 862A4A561CA852B4009B29F4 /* ViewProfileAlertViewController.swift */; };
		862A4A5A1CA8719A009B29F4 /* SeshDotView.swift in Sources */ = {isa = PBXBuildFile; fileRef = 862A4A591CA8719A009B29F4 /* SeshDotView.swift */; };
		862A4A5C1CA875F3009B29F4 /* NSNumber+Tweed.swift in Sources */ = {isa = PBXBuildFile; fileRef = 862A4A5B1CA875F3009B29F4 /* NSNumber+Tweed.swift */; };
		86CD27411CA8968E0076E5AC /* FollowingCollectionViewCell.swift in Sources */ = {isa = PBXBuildFile; fileRef = 86CD27401CA8968E0076E5AC /* FollowingCollectionViewCell.swift */; };
		86D299821CA5F87300AA8739 /* CFNetwork.framework in Frameworks */ = {isa = PBXBuildFile; fileRef = 86D2997A1CA5F87300AA8739 /* CFNetwork.framework */; };
		86D299831CA5F87300AA8739 /* Foundation.framework in Frameworks */ = {isa = PBXBuildFile; fileRef = 86D2997B1CA5F87300AA8739 /* Foundation.framework */; };
		86D299841CA5F87300AA8739 /* GameKit.framework in Frameworks */ = {isa = PBXBuildFile; fileRef = 86D2997C1CA5F87300AA8739 /* GameKit.framework */; };
		86D299851CA5F87300AA8739 /* OpenGLES.framework in Frameworks */ = {isa = PBXBuildFile; fileRef = 86D2997D1CA5F87300AA8739 /* OpenGLES.framework */; };
		86D299861CA5F87300AA8739 /* QuartzCore.framework in Frameworks */ = {isa = PBXBuildFile; fileRef = 86D2997E1CA5F87300AA8739 /* QuartzCore.framework */; };
		86D299871CA5F87300AA8739 /* Social.framework in Frameworks */ = {isa = PBXBuildFile; fileRef = 86D2997F1CA5F87300AA8739 /* Social.framework */; };
		86D299881CA5F87300AA8739 /* StoreKit.framework in Frameworks */ = {isa = PBXBuildFile; fileRef = 86D299801CA5F87300AA8739 /* StoreKit.framework */; };
		86D299891CA5F87300AA8739 /* SystemConfiguration.framework in Frameworks */ = {isa = PBXBuildFile; fileRef = 86D299811CA5F87300AA8739 /* SystemConfiguration.framework */; };
		86D2998B1CA5F88100AA8739 /* CoreData.framework in Frameworks */ = {isa = PBXBuildFile; fileRef = 86D2998A1CA5F88100AA8739 /* CoreData.framework */; };
		86D2999F1CA6094600AA8739 /* Gotham-Black.otf in Resources */ = {isa = PBXBuildFile; fileRef = 86D2998F1CA608EE00AA8739 /* Gotham-Black.otf */; };
		86D299A01CA6094600AA8739 /* Gotham-BlackItalic.otf in Resources */ = {isa = PBXBuildFile; fileRef = 86D299901CA608EE00AA8739 /* Gotham-BlackItalic.otf */; };
		86D299A11CA6094600AA8739 /* Gotham-Bold.otf in Resources */ = {isa = PBXBuildFile; fileRef = 86D299911CA608EE00AA8739 /* Gotham-Bold.otf */; };
		86D299A21CA6094600AA8739 /* Gotham-BoldItalic.otf in Resources */ = {isa = PBXBuildFile; fileRef = 86D299921CA608EE00AA8739 /* Gotham-BoldItalic.otf */; };
		86D299A31CA6094600AA8739 /* Gotham-Book.otf in Resources */ = {isa = PBXBuildFile; fileRef = 86D299931CA608EE00AA8739 /* Gotham-Book.otf */; };
		86D299A41CA6094600AA8739 /* Gotham-BookItalic.otf in Resources */ = {isa = PBXBuildFile; fileRef = 86D299941CA608EE00AA8739 /* Gotham-BookItalic.otf */; };
		86D299A51CA6094600AA8739 /* Gotham-Light.otf in Resources */ = {isa = PBXBuildFile; fileRef = 86D299951CA608EE00AA8739 /* Gotham-Light.otf */; };
		86D299A61CA6094600AA8739 /* Gotham-LightItalic.otf in Resources */ = {isa = PBXBuildFile; fileRef = 86D299961CA608EE00AA8739 /* Gotham-LightItalic.otf */; };
		86D299A71CA6094600AA8739 /* Gotham-Medium.otf in Resources */ = {isa = PBXBuildFile; fileRef = 86D299971CA608EE00AA8739 /* Gotham-Medium.otf */; };
		86D299A81CA6094600AA8739 /* Gotham-MediumItalic.otf in Resources */ = {isa = PBXBuildFile; fileRef = 86D299981CA608EE00AA8739 /* Gotham-MediumItalic.otf */; };
		86D299A91CA6094600AA8739 /* Gotham-Thin.otf in Resources */ = {isa = PBXBuildFile; fileRef = 86D299991CA608EE00AA8739 /* Gotham-Thin.otf */; };
		86D299AA1CA6094600AA8739 /* Gotham-ThinItalic.otf in Resources */ = {isa = PBXBuildFile; fileRef = 86D2999A1CA608EE00AA8739 /* Gotham-ThinItalic.otf */; };
		86D299AB1CA6094600AA8739 /* Gotham-Ultra.otf in Resources */ = {isa = PBXBuildFile; fileRef = 86D2999B1CA608EE00AA8739 /* Gotham-Ultra.otf */; };
		86D299AC1CA6094600AA8739 /* Gotham-UltraItalic.otf in Resources */ = {isa = PBXBuildFile; fileRef = 86D2999C1CA608EE00AA8739 /* Gotham-UltraItalic.otf */; };
		86D299AD1CA6094600AA8739 /* Gotham-XLight.otf in Resources */ = {isa = PBXBuildFile; fileRef = 86D2999D1CA608EE00AA8739 /* Gotham-XLight.otf */; };
		86D299AE1CA6094600AA8739 /* Gotham-XLightItalic.otf in Resources */ = {isa = PBXBuildFile; fileRef = 86D2999E1CA608EE00AA8739 /* Gotham-XLightItalic.otf */; };
		86D299B01CA609A200AA8739 /* UIFont+Tweed.swift in Sources */ = {isa = PBXBuildFile; fileRef = 86D299AF1CA609A200AA8739 /* UIFont+Tweed.swift */; };
		86D299B41CA60BA800AA8739 /* TweetTableViewCell.swift in Sources */ = {isa = PBXBuildFile; fileRef = 86D299B31CA60BA800AA8739 /* TweetTableViewCell.swift */; };
		86D299B71CA60C2100AA8739 /* UILabel+Tweed.swift in Sources */ = {isa = PBXBuildFile; fileRef = 86D299B61CA60C2100AA8739 /* UILabel+Tweed.swift */; };
		86D299B91CA60D4500AA8739 /* UIColor+Tweed.swift in Sources */ = {isa = PBXBuildFile; fileRef = 86D299B81CA60D4500AA8739 /* UIColor+Tweed.swift */; };
		86D299BB1CA7110700AA8739 /* TweedViewConstants.swift in Sources */ = {isa = PBXBuildFile; fileRef = 86D299BA1CA7110700AA8739 /* TweedViewConstants.swift */; };
		86D299BE1CA714A500AA8739 /* FollowViewController.swift in Sources */ = {isa = PBXBuildFile; fileRef = 86D299BD1CA714A500AA8739 /* FollowViewController.swift */; };
		86D299C11CA7177000AA8739 /* TweedNetworking.swift in Sources */ = {isa = PBXBuildFile; fileRef = 86D299C01CA7177000AA8739 /* TweedNetworking.swift */; };
		86D299C51CA71E5F00AA8739 /* plus_white.png in Resources */ = {isa = PBXBuildFile; fileRef = 86D299C21CA71E5F00AA8739 /* plus_white.png */; };
		86D299C61CA71E5F00AA8739 /* plus_white@2x.png in Resources */ = {isa = PBXBuildFile; fileRef = 86D299C31CA71E5F00AA8739 /* plus_white@2x.png */; };
		86D299C71CA71E5F00AA8739 /* plus_white@3x.png in Resources */ = {isa = PBXBuildFile; fileRef = 86D299C41CA71E5F00AA8739 /* plus_white@3x.png */; };
		86D299CC1CA71F3700AA8739 /* UIImage+ImageEffects.m in Sources */ = {isa = PBXBuildFile; fileRef = 86D299C91CA71F3700AA8739 /* UIImage+ImageEffects.m */; };
		86D299CD1CA71F3700AA8739 /* UIImage+SeshUtils.m in Sources */ = {isa = PBXBuildFile; fileRef = 86D299CB1CA71F3700AA8739 /* UIImage+SeshUtils.m */; };
		86D299D01CA721CA00AA8739 /* tweed_texture.png in Resources */ = {isa = PBXBuildFile; fileRef = 86D299CF1CA721CA00AA8739 /* tweed_texture.png */; };
		86D299D31CA729F800AA8739 /* TweedTextField.swift in Sources */ = {isa = PBXBuildFile; fileRef = 86D299D21CA729F800AA8739 /* TweedTextField.swift */; };
		86D299D81CA72C8300AA8739 /* email_gray.png in Resources */ = {isa = PBXBuildFile; fileRef = 86D299D51CA72C8300AA8739 /* email_gray.png */; };
		86D299D91CA72C8300AA8739 /* email_gray@2x.png in Resources */ = {isa = PBXBuildFile; fileRef = 86D299D61CA72C8300AA8739 /* email_gray@2x.png */; };
		86D299DA1CA72C8300AA8739 /* email_gray@3x.png in Resources */ = {isa = PBXBuildFile; fileRef = 86D299D71CA72C8300AA8739 /* email_gray@3x.png */; };
		86D299DD1CA737AF00AA8739 /* SeshConfirmationAnimationView.m in Sources */ = {isa = PBXBuildFile; fileRef = 86D299DC1CA737AF00AA8739 /* SeshConfirmationAnimationView.m */; };
		86D299E11CA737E400AA8739 /* SeshProgressIndicator.m in Sources */ = {isa = PBXBuildFile; fileRef = 86D299E01CA737E400AA8739 /* SeshProgressIndicator.m */; };
		86D299E81CA7384100AA8739 /* UIColor+Sesh.m in Sources */ = {isa = PBXBuildFile; fileRef = 86D299E31CA7384000AA8739 /* UIColor+Sesh.m */; };
		86D299E91CA7384100AA8739 /* UIFont+Sesh.m in Sources */ = {isa = PBXBuildFile; fileRef = 86D299E51CA7384000AA8739 /* UIFont+Sesh.m */; };
		86D299EA1CA7384100AA8739 /* UILabel+Sesh.m in Sources */ = {isa = PBXBuildFile; fileRef = 86D299E71CA7384100AA8739 /* UILabel+Sesh.m */; };
		86D299ED1CA7385D00AA8739 /* SeshActivityIndicator.m in Sources */ = {isa = PBXBuildFile; fileRef = 86D299EC1CA7385D00AA8739 /* SeshActivityIndicator.m */; };
		86D29A001CA7396600AA8739 /* cancel_circle.png in Resources */ = {isa = PBXBuildFile; fileRef = 86D299EE1CA7396600AA8739 /* cancel_circle.png */; };
		86D29A011CA7396600AA8739 /* cancel_circle@2x.png in Resources */ = {isa = PBXBuildFile; fileRef = 86D299EF1CA7396600AA8739 /* cancel_circle@2x.png */; };
		86D29A021CA7396600AA8739 /* cancel_circle@3x.png in Resources */ = {isa = PBXBuildFile; fileRef = 86D299F01CA7396600AA8739 /* cancel_circle@3x.png */; };
		86D29A031CA7396600AA8739 /* cancel.png in Resources */ = {isa = PBXBuildFile; fileRef = 86D299F11CA7396600AA8739 /* cancel.png */; };
		86D29A041CA7396600AA8739 /* cancel@2x.png in Resources */ = {isa = PBXBuildFile; fileRef = 86D299F21CA7396600AA8739 /* cancel@2x.png */; };
		86D29A051CA7396600AA8739 /* cancel@3x.png in Resources */ = {isa = PBXBuildFile; fileRef = 86D299F31CA7396600AA8739 /* cancel@3x.png */; };
		86D29A061CA7396600AA8739 /* check_circle.png in Resources */ = {isa = PBXBuildFile; fileRef = 86D299F41CA7396600AA8739 /* check_circle.png */; };
		86D29A071CA7396600AA8739 /* check_circle@2x.png in Resources */ = {isa = PBXBuildFile; fileRef = 86D299F51CA7396600AA8739 /* check_circle@2x.png */; };
		86D29A081CA7396600AA8739 /* check_circle@3x.png in Resources */ = {isa = PBXBuildFile; fileRef = 86D299F61CA7396600AA8739 /* check_circle@3x.png */; };
		86D29A091CA7396600AA8739 /* check.png in Resources */ = {isa = PBXBuildFile; fileRef = 86D299F71CA7396600AA8739 /* check.png */; };
		86D29A0A1CA7396600AA8739 /* check@2x.png in Resources */ = {isa = PBXBuildFile; fileRef = 86D299F81CA7396600AA8739 /* check@2x.png */; };
		86D29A0B1CA7396600AA8739 /* check@3x.png in Resources */ = {isa = PBXBuildFile; fileRef = 86D299F91CA7396600AA8739 /* check@3x.png */; };
		86D29A0C1CA7396600AA8739 /* plus_circle.png in Resources */ = {isa = PBXBuildFile; fileRef = 86D299FA1CA7396600AA8739 /* plus_circle.png */; };
		86D29A0D1CA7396600AA8739 /* plus_circle@2x.png in Resources */ = {isa = PBXBuildFile; fileRef = 86D299FB1CA7396600AA8739 /* plus_circle@2x.png */; };
		86D29A0E1CA7396600AA8739 /* plus_circle@3x.png in Resources */ = {isa = PBXBuildFile; fileRef = 86D299FC1CA7396600AA8739 /* plus_circle@3x.png */; };
		86D29A0F1CA7396600AA8739 /* plus.png in Resources */ = {isa = PBXBuildFile; fileRef = 86D299FD1CA7396600AA8739 /* plus.png */; };
		86D29A101CA7396600AA8739 /* plus@2x.png in Resources */ = {isa = PBXBuildFile; fileRef = 86D299FE1CA7396600AA8739 /* plus@2x.png */; };
		86D29A111CA7396600AA8739 /* plus@3x.png in Resources */ = {isa = PBXBuildFile; fileRef = 86D299FF1CA7396600AA8739 /* plus@3x.png */; };
		86D29A161CA7434900AA8739 /* AccessToken.m in Sources */ = {isa = PBXBuildFile; fileRef = 86D29A131CA7434900AA8739 /* AccessToken.m */; };
		86D29A171CA7434900AA8739 /* TweedAuthManager.m in Sources */ = {isa = PBXBuildFile; fileRef = 86D29A151CA7434900AA8739 /* TweedAuthManager.m */; };
		86D29A1B1CA7475F00AA8739 /* LoadingViewController.swift in Sources */ = {isa = PBXBuildFile; fileRef = 86D29A1A1CA7475F00AA8739 /* LoadingViewController.swift */; };
		86D29A1D1CA749F200AA8739 /* tweed_loading.png in Resources */ = {isa = PBXBuildFile; fileRef = 86D29A1C1CA749F200AA8739 /* tweed_loading.png */; };
		AF615DC41CA84CA800161B56 /* payment_check.png in Resources */ = {isa = PBXBuildFile; fileRef = AF615DC21CA84CA800161B56 /* payment_check.png */; };
		AF615DC51CA84CA800161B56 /* payment_check@2x.png in Resources */ = {isa = PBXBuildFile; fileRef = AF615DC31CA84CA800161B56 /* payment_check@2x.png */; };
		AF615DC81CA862F700161B56 /* Tweet+CoreDataProperties.swift in Sources */ = {isa = PBXBuildFile; fileRef = AF615DC61CA862F700161B56 /* Tweet+CoreDataProperties.swift */; };
		AF615DC91CA862F700161B56 /* Tweet.swift in Sources */ = {isa = PBXBuildFile; fileRef = AF615DC71CA862F700161B56 /* Tweet.swift */; };
		AF615DCB1CA8671100161B56 /* NSDate+Tweed.swift in Sources */ = {isa = PBXBuildFile; fileRef = AF615DCA1CA8671100161B56 /* NSDate+Tweed.swift */; };
		AF615DCD1CA898EC00161B56 /* UIScrollView+Tweed.swift in Sources */ = {isa = PBXBuildFile; fileRef = AF615DCC1CA898EC00161B56 /* UIScrollView+Tweed.swift */; };
		AF8883751CA732D40097DCDA /* SF-UI-Text-Regular.otf in Resources */ = {isa = PBXBuildFile; fileRef = AF8883731CA732D40097DCDA /* SF-UI-Text-Regular.otf */; };
		AF8883791CA734210097DCDA /* User+CoreDataProperties.swift in Sources */ = {isa = PBXBuildFile; fileRef = AF8883771CA734210097DCDA /* User+CoreDataProperties.swift */; };
		AF88837A1CA734210097DCDA /* User.swift in Sources */ = {isa = PBXBuildFile; fileRef = AF8883781CA734210097DCDA /* User.swift */; };
		AF88837D1CA73AE60097DCDA /* RecommendationsView.swift in Sources */ = {isa = PBXBuildFile; fileRef = AF88837C1CA73AE60097DCDA /* RecommendationsView.swift */; };
		AF88837F1CA73AFB0097DCDA /* RecommendationTableViewCell.swift in Sources */ = {isa = PBXBuildFile; fileRef = AF88837E1CA73AFB0097DCDA /* RecommendationTableViewCell.swift */; };
		AF8883831CA745BD0097DCDA /* TweedBorderedButton.swift in Sources */ = {isa = PBXBuildFile; fileRef = AF8883821CA745BD0097DCDA /* TweedBorderedButton.swift */; };
		AFCDB7CC1CA8B20B00D2B6A8 /* retweet.png in Resources */ = {isa = PBXBuildFile; fileRef = AFCDB7C91CA8B20B00D2B6A8 /* retweet.png */; };
		AFCDB7CD1CA8B20B00D2B6A8 /* retweet@2x.png in Resources */ = {isa = PBXBuildFile; fileRef = AFCDB7CA1CA8B20B00D2B6A8 /* retweet@2x.png */; };
		AFCDB7CE1CA8B20B00D2B6A8 /* retweet@3x.png in Resources */ = {isa = PBXBuildFile; fileRef = AFCDB7CB1CA8B20B00D2B6A8 /* retweet@3x.png */; };
		AFD802481CA7902C00375E4F /* SF-UI-Text-Medium.otf in Resources */ = {isa = PBXBuildFile; fileRef = AFD802471CA78F0300375E4F /* SF-UI-Text-Medium.otf */; };
		C429FE23F637B9810327BB16 /* Pods.framework in Frameworks */ = {isa = PBXBuildFile; fileRef = B808E2B0FC48822C25B15FCE /* Pods.framework */; };
/* End PBXBuildFile section */

/* Begin PBXContainerItemProxy section */
		8614E81B1CA5F39600DF48EA /* PBXContainerItemProxy */ = {
			isa = PBXContainerItemProxy;
			containerPortal = 8614E7FB1CA5F39600DF48EA /* Project object */;
			proxyType = 1;
			remoteGlobalIDString = 8614E8021CA5F39600DF48EA;
			remoteInfo = Tweed;
		};
		8614E8261CA5F39600DF48EA /* PBXContainerItemProxy */ = {
			isa = PBXContainerItemProxy;
			containerPortal = 8614E7FB1CA5F39600DF48EA /* Project object */;
			proxyType = 1;
			remoteGlobalIDString = 8614E8021CA5F39600DF48EA;
			remoteInfo = Tweed;
		};
/* End PBXContainerItemProxy section */

/* Begin PBXFileReference section */
		469926E8651BA05D3730C395 /* Pods.release.xcconfig */ = {isa = PBXFileReference; includeInIndex = 1; lastKnownFileType = text.xcconfig; name = Pods.release.xcconfig; path = "Pods/Target Support Files/Pods/Pods.release.xcconfig"; sourceTree = "<group>"; };
		8614E8031CA5F39600DF48EA /* Tweed.app */ = {isa = PBXFileReference; explicitFileType = wrapper.application; includeInIndex = 0; path = Tweed.app; sourceTree = BUILT_PRODUCTS_DIR; };
		8614E8061CA5F39600DF48EA /* AppDelegate.swift */ = {isa = PBXFileReference; lastKnownFileType = sourcecode.swift; path = AppDelegate.swift; sourceTree = "<group>"; };
		8614E80E1CA5F39600DF48EA /* Tweed.xcdatamodel */ = {isa = PBXFileReference; lastKnownFileType = wrapper.xcdatamodel; path = Tweed.xcdatamodel; sourceTree = "<group>"; };
		8614E8101CA5F39600DF48EA /* Assets.xcassets */ = {isa = PBXFileReference; lastKnownFileType = folder.assetcatalog; path = Assets.xcassets; sourceTree = "<group>"; };
		8614E8131CA5F39600DF48EA /* Base */ = {isa = PBXFileReference; lastKnownFileType = file.storyboard; name = Base; path = Base.lproj/LaunchScreen.storyboard; sourceTree = "<group>"; };
		8614E8151CA5F39600DF48EA /* Info.plist */ = {isa = PBXFileReference; lastKnownFileType = text.plist.xml; path = Info.plist; sourceTree = "<group>"; };
		8614E81A1CA5F39600DF48EA /* TweedTests.xctest */ = {isa = PBXFileReference; explicitFileType = wrapper.cfbundle; includeInIndex = 0; path = TweedTests.xctest; sourceTree = BUILT_PRODUCTS_DIR; };
		8614E81E1CA5F39600DF48EA /* TweedTests.swift */ = {isa = PBXFileReference; lastKnownFileType = sourcecode.swift; path = TweedTests.swift; sourceTree = "<group>"; };
		8614E8201CA5F39600DF48EA /* Info.plist */ = {isa = PBXFileReference; lastKnownFileType = text.plist.xml; path = Info.plist; sourceTree = "<group>"; };
		8614E8251CA5F39600DF48EA /* TweedUITests.xctest */ = {isa = PBXFileReference; explicitFileType = wrapper.cfbundle; includeInIndex = 0; path = TweedUITests.xctest; sourceTree = BUILT_PRODUCTS_DIR; };
		8614E8291CA5F39600DF48EA /* TweedUITests.swift */ = {isa = PBXFileReference; lastKnownFileType = sourcecode.swift; path = TweedUITests.swift; sourceTree = "<group>"; };
		8614E82B1CA5F39600DF48EA /* Info.plist */ = {isa = PBXFileReference; lastKnownFileType = text.plist.xml; path = Info.plist; sourceTree = "<group>"; };
		8614E8371CA5F63F00DF48EA /* Tweed-Bridging-Header.h */ = {isa = PBXFileReference; lastKnownFileType = sourcecode.c.h; path = "Tweed-Bridging-Header.h"; sourceTree = "<group>"; };
		8614E8381CA5F64000DF48EA /* DataManager.h */ = {isa = PBXFileReference; fileEncoding = 4; lastKnownFileType = sourcecode.c.h; path = DataManager.h; sourceTree = "<group>"; };
		8614E8391CA5F64000DF48EA /* DataManager.m */ = {isa = PBXFileReference; fileEncoding = 4; lastKnownFileType = sourcecode.c.objc; path = DataManager.m; sourceTree = "<group>"; };
		8614E83D1CA5F6EC00DF48EA /* HomeViewController.swift */ = {isa = PBXFileReference; fileEncoding = 4; lastKnownFileType = sourcecode.swift; path = HomeViewController.swift; sourceTree = "<group>"; };
		862A4A2C1CA77DCD009B29F4 /* circle3.png */ = {isa = PBXFileReference; lastKnownFileType = image.png; path = circle3.png; sourceTree = "<group>"; };
		862A4A2F1CA7845D009B29F4 /* SeshAlertView.h */ = {isa = PBXFileReference; fileEncoding = 4; lastKnownFileType = sourcecode.c.h; path = SeshAlertView.h; sourceTree = "<group>"; };
		862A4A301CA7845D009B29F4 /* SeshAlertView.m */ = {isa = PBXFileReference; fileEncoding = 4; lastKnownFileType = sourcecode.c.objc; path = SeshAlertView.m; sourceTree = "<group>"; };
		862A4A311CA7845D009B29F4 /* SeshAlertViewController.h */ = {isa = PBXFileReference; fileEncoding = 4; lastKnownFileType = sourcecode.c.h; path = SeshAlertViewController.h; sourceTree = "<group>"; };
		862A4A321CA7845D009B29F4 /* SeshAlertViewController.m */ = {isa = PBXFileReference; fileEncoding = 4; lastKnownFileType = sourcecode.c.objc; path = SeshAlertViewController.m; sourceTree = "<group>"; };
		862A4A331CA7845D009B29F4 /* SeshAlertViewInternal.h */ = {isa = PBXFileReference; fileEncoding = 4; lastKnownFileType = sourcecode.c.h; path = SeshAlertViewInternal.h; sourceTree = "<group>"; };
		862A4A341CA7845D009B29F4 /* SeshAlertViewItem.h */ = {isa = PBXFileReference; fileEncoding = 4; lastKnownFileType = sourcecode.c.h; path = SeshAlertViewItem.h; sourceTree = "<group>"; };
		862A4A351CA7845D009B29F4 /* SeshAlertViewItem.m */ = {isa = PBXFileReference; fileEncoding = 4; lastKnownFileType = sourcecode.c.objc; path = SeshAlertViewItem.m; sourceTree = "<group>"; };
		862A4A361CA7845D009B29F4 /* SeshAlertViewManager.h */ = {isa = PBXFileReference; fileEncoding = 4; lastKnownFileType = sourcecode.c.h; path = SeshAlertViewManager.h; sourceTree = "<group>"; };
		862A4A371CA7845D009B29F4 /* SeshAlertViewManager.m */ = {isa = PBXFileReference; fileEncoding = 4; lastKnownFileType = sourcecode.c.objc; path = SeshAlertViewManager.m; sourceTree = "<group>"; };
		862A4A3D1CA78475009B29F4 /* SeshBlurWindow.h */ = {isa = PBXFileReference; fileEncoding = 4; lastKnownFileType = sourcecode.c.h; path = SeshBlurWindow.h; sourceTree = "<group>"; };
		862A4A3E1CA78475009B29F4 /* SeshBlurWindow.m */ = {isa = PBXFileReference; fileEncoding = 4; lastKnownFileType = sourcecode.c.objc; path = SeshBlurWindow.m; sourceTree = "<group>"; };
		862A4A401CA7851D009B29F4 /* SeshTopBarView.h */ = {isa = PBXFileReference; fileEncoding = 4; lastKnownFileType = sourcecode.c.h; path = SeshTopBarView.h; sourceTree = "<group>"; };
		862A4A411CA7851D009B29F4 /* SeshTopBarView.m */ = {isa = PBXFileReference; fileEncoding = 4; lastKnownFileType = sourcecode.c.objc; path = SeshTopBarView.m; sourceTree = "<group>"; };
		862A4A431CA78533009B29F4 /* SeshIncreaseTapRadiusButton.h */ = {isa = PBXFileReference; fileEncoding = 4; lastKnownFileType = sourcecode.c.h; path = SeshIncreaseTapRadiusButton.h; sourceTree = "<group>"; };
		862A4A441CA78533009B29F4 /* SeshIncreaseTapRadiusButton.m */ = {isa = PBXFileReference; fileEncoding = 4; lastKnownFileType = sourcecode.c.objc; path = SeshIncreaseTapRadiusButton.m; sourceTree = "<group>"; };
		862A4A461CA7855E009B29F4 /* SeshUtils.h */ = {isa = PBXFileReference; fileEncoding = 4; lastKnownFileType = sourcecode.c.h; path = SeshUtils.h; sourceTree = "<group>"; };
		862A4A471CA7855E009B29F4 /* SeshUtils.m */ = {isa = PBXFileReference; fileEncoding = 4; lastKnownFileType = sourcecode.c.objc; path = SeshUtils.m; sourceTree = "<group>"; };
		862A4A491CA78573009B29F4 /* SeshButton.h */ = {isa = PBXFileReference; fileEncoding = 4; lastKnownFileType = sourcecode.c.h; path = SeshButton.h; sourceTree = "<group>"; };
		862A4A4A1CA78573009B29F4 /* SeshButton.m */ = {isa = PBXFileReference; fileEncoding = 4; lastKnownFileType = sourcecode.c.objc; path = SeshButton.m; sourceTree = "<group>"; };
		862A4A4C1CA785BD009B29F4 /* UIApplication+SeshUtils.h */ = {isa = PBXFileReference; fileEncoding = 4; lastKnownFileType = sourcecode.c.h; path = "UIApplication+SeshUtils.h"; sourceTree = "<group>"; };
		862A4A4D1CA785BE009B29F4 /* UIApplication+SeshUtils.m */ = {isa = PBXFileReference; fileEncoding = 4; lastKnownFileType = sourcecode.c.objc; path = "UIApplication+SeshUtils.m"; sourceTree = "<group>"; };
		862A4A4F1CA785CB009B29F4 /* UIWindow+Sesh.h */ = {isa = PBXFileReference; fileEncoding = 4; lastKnownFileType = sourcecode.c.h; path = "UIWindow+Sesh.h"; sourceTree = "<group>"; };
		862A4A501CA785CB009B29F4 /* UIWindow+Sesh.m */ = {isa = PBXFileReference; fileEncoding = 4; lastKnownFileType = sourcecode.c.objc; path = "UIWindow+Sesh.m"; sourceTree = "<group>"; };
		862A4A521CA78B0B009B29F4 /* AddedHandleTableViewCell.swift */ = {isa = PBXFileReference; fileEncoding = 4; lastKnownFileType = sourcecode.swift; path = AddedHandleTableViewCell.swift; sourceTree = "<group>"; };
		862A4A551CA852B4009B29F4 /* ViewProfileAlertView.swift */ = {isa = PBXFileReference; fileEncoding = 4; lastKnownFileType = sourcecode.swift; path = ViewProfileAlertView.swift; sourceTree = "<group>"; };
		862A4A561CA852B4009B29F4 /* ViewProfileAlertViewController.swift */ = {isa = PBXFileReference; fileEncoding = 4; lastKnownFileType = sourcecode.swift; path = ViewProfileAlertViewController.swift; sourceTree = "<group>"; };
		862A4A591CA8719A009B29F4 /* SeshDotView.swift */ = {isa = PBXFileReference; fileEncoding = 4; lastKnownFileType = sourcecode.swift; path = SeshDotView.swift; sourceTree = "<group>"; };
		862A4A5B1CA875F3009B29F4 /* NSNumber+Tweed.swift */ = {isa = PBXFileReference; fileEncoding = 4; lastKnownFileType = sourcecode.swift; path = "NSNumber+Tweed.swift"; sourceTree = "<group>"; };
		86CD27401CA8968E0076E5AC /* FollowingCollectionViewCell.swift */ = {isa = PBXFileReference; fileEncoding = 4; lastKnownFileType = sourcecode.swift; path = FollowingCollectionViewCell.swift; sourceTree = "<group>"; };
		86D2997A1CA5F87300AA8739 /* CFNetwork.framework */ = {isa = PBXFileReference; lastKnownFileType = wrapper.framework; name = CFNetwork.framework; path = System/Library/Frameworks/CFNetwork.framework; sourceTree = SDKROOT; };
		86D2997B1CA5F87300AA8739 /* Foundation.framework */ = {isa = PBXFileReference; lastKnownFileType = wrapper.framework; name = Foundation.framework; path = System/Library/Frameworks/Foundation.framework; sourceTree = SDKROOT; };
		86D2997C1CA5F87300AA8739 /* GameKit.framework */ = {isa = PBXFileReference; lastKnownFileType = wrapper.framework; name = GameKit.framework; path = System/Library/Frameworks/GameKit.framework; sourceTree = SDKROOT; };
		86D2997D1CA5F87300AA8739 /* OpenGLES.framework */ = {isa = PBXFileReference; lastKnownFileType = wrapper.framework; name = OpenGLES.framework; path = System/Library/Frameworks/OpenGLES.framework; sourceTree = SDKROOT; };
		86D2997E1CA5F87300AA8739 /* QuartzCore.framework */ = {isa = PBXFileReference; lastKnownFileType = wrapper.framework; name = QuartzCore.framework; path = System/Library/Frameworks/QuartzCore.framework; sourceTree = SDKROOT; };
		86D2997F1CA5F87300AA8739 /* Social.framework */ = {isa = PBXFileReference; lastKnownFileType = wrapper.framework; name = Social.framework; path = System/Library/Frameworks/Social.framework; sourceTree = SDKROOT; };
		86D299801CA5F87300AA8739 /* StoreKit.framework */ = {isa = PBXFileReference; lastKnownFileType = wrapper.framework; name = StoreKit.framework; path = System/Library/Frameworks/StoreKit.framework; sourceTree = SDKROOT; };
		86D299811CA5F87300AA8739 /* SystemConfiguration.framework */ = {isa = PBXFileReference; lastKnownFileType = wrapper.framework; name = SystemConfiguration.framework; path = System/Library/Frameworks/SystemConfiguration.framework; sourceTree = SDKROOT; };
		86D2998A1CA5F88100AA8739 /* CoreData.framework */ = {isa = PBXFileReference; lastKnownFileType = wrapper.framework; name = CoreData.framework; path = System/Library/Frameworks/CoreData.framework; sourceTree = SDKROOT; };
		86D2998F1CA608EE00AA8739 /* Gotham-Black.otf */ = {isa = PBXFileReference; lastKnownFileType = file; path = "Gotham-Black.otf"; sourceTree = "<group>"; };
		86D299901CA608EE00AA8739 /* Gotham-BlackItalic.otf */ = {isa = PBXFileReference; lastKnownFileType = file; path = "Gotham-BlackItalic.otf"; sourceTree = "<group>"; };
		86D299911CA608EE00AA8739 /* Gotham-Bold.otf */ = {isa = PBXFileReference; lastKnownFileType = file; path = "Gotham-Bold.otf"; sourceTree = "<group>"; };
		86D299921CA608EE00AA8739 /* Gotham-BoldItalic.otf */ = {isa = PBXFileReference; lastKnownFileType = file; path = "Gotham-BoldItalic.otf"; sourceTree = "<group>"; };
		86D299931CA608EE00AA8739 /* Gotham-Book.otf */ = {isa = PBXFileReference; lastKnownFileType = file; path = "Gotham-Book.otf"; sourceTree = "<group>"; };
		86D299941CA608EE00AA8739 /* Gotham-BookItalic.otf */ = {isa = PBXFileReference; lastKnownFileType = file; path = "Gotham-BookItalic.otf"; sourceTree = "<group>"; };
		86D299951CA608EE00AA8739 /* Gotham-Light.otf */ = {isa = PBXFileReference; lastKnownFileType = file; path = "Gotham-Light.otf"; sourceTree = "<group>"; };
		86D299961CA608EE00AA8739 /* Gotham-LightItalic.otf */ = {isa = PBXFileReference; lastKnownFileType = file; path = "Gotham-LightItalic.otf"; sourceTree = "<group>"; };
		86D299971CA608EE00AA8739 /* Gotham-Medium.otf */ = {isa = PBXFileReference; lastKnownFileType = file; path = "Gotham-Medium.otf"; sourceTree = "<group>"; };
		86D299981CA608EE00AA8739 /* Gotham-MediumItalic.otf */ = {isa = PBXFileReference; lastKnownFileType = file; path = "Gotham-MediumItalic.otf"; sourceTree = "<group>"; };
		86D299991CA608EE00AA8739 /* Gotham-Thin.otf */ = {isa = PBXFileReference; lastKnownFileType = file; path = "Gotham-Thin.otf"; sourceTree = "<group>"; };
		86D2999A1CA608EE00AA8739 /* Gotham-ThinItalic.otf */ = {isa = PBXFileReference; lastKnownFileType = file; path = "Gotham-ThinItalic.otf"; sourceTree = "<group>"; };
		86D2999B1CA608EE00AA8739 /* Gotham-Ultra.otf */ = {isa = PBXFileReference; lastKnownFileType = file; path = "Gotham-Ultra.otf"; sourceTree = "<group>"; };
		86D2999C1CA608EE00AA8739 /* Gotham-UltraItalic.otf */ = {isa = PBXFileReference; lastKnownFileType = file; path = "Gotham-UltraItalic.otf"; sourceTree = "<group>"; };
		86D2999D1CA608EE00AA8739 /* Gotham-XLight.otf */ = {isa = PBXFileReference; lastKnownFileType = file; path = "Gotham-XLight.otf"; sourceTree = "<group>"; };
		86D2999E1CA608EE00AA8739 /* Gotham-XLightItalic.otf */ = {isa = PBXFileReference; lastKnownFileType = file; path = "Gotham-XLightItalic.otf"; sourceTree = "<group>"; };
		86D299AF1CA609A200AA8739 /* UIFont+Tweed.swift */ = {isa = PBXFileReference; fileEncoding = 4; lastKnownFileType = sourcecode.swift; path = "UIFont+Tweed.swift"; sourceTree = "<group>"; };
		86D299B31CA60BA800AA8739 /* TweetTableViewCell.swift */ = {isa = PBXFileReference; fileEncoding = 4; lastKnownFileType = sourcecode.swift; path = TweetTableViewCell.swift; sourceTree = "<group>"; };
		86D299B61CA60C2100AA8739 /* UILabel+Tweed.swift */ = {isa = PBXFileReference; fileEncoding = 4; lastKnownFileType = sourcecode.swift; path = "UILabel+Tweed.swift"; sourceTree = "<group>"; };
		86D299B81CA60D4500AA8739 /* UIColor+Tweed.swift */ = {isa = PBXFileReference; fileEncoding = 4; lastKnownFileType = sourcecode.swift; path = "UIColor+Tweed.swift"; sourceTree = "<group>"; };
		86D299BA1CA7110700AA8739 /* TweedViewConstants.swift */ = {isa = PBXFileReference; fileEncoding = 4; lastKnownFileType = sourcecode.swift; path = TweedViewConstants.swift; sourceTree = "<group>"; };
		86D299BD1CA714A500AA8739 /* FollowViewController.swift */ = {isa = PBXFileReference; fileEncoding = 4; lastKnownFileType = sourcecode.swift; path = FollowViewController.swift; sourceTree = "<group>"; };
		86D299C01CA7177000AA8739 /* TweedNetworking.swift */ = {isa = PBXFileReference; fileEncoding = 4; lastKnownFileType = sourcecode.swift; path = TweedNetworking.swift; sourceTree = "<group>"; };
		86D299C21CA71E5F00AA8739 /* plus_white.png */ = {isa = PBXFileReference; lastKnownFileType = image.png; path = plus_white.png; sourceTree = "<group>"; };
		86D299C31CA71E5F00AA8739 /* plus_white@2x.png */ = {isa = PBXFileReference; lastKnownFileType = image.png; path = "plus_white@2x.png"; sourceTree = "<group>"; };
		86D299C41CA71E5F00AA8739 /* plus_white@3x.png */ = {isa = PBXFileReference; lastKnownFileType = image.png; path = "plus_white@3x.png"; sourceTree = "<group>"; };
		86D299C81CA71F3700AA8739 /* UIImage+ImageEffects.h */ = {isa = PBXFileReference; fileEncoding = 4; lastKnownFileType = sourcecode.c.h; path = "UIImage+ImageEffects.h"; sourceTree = "<group>"; };
		86D299C91CA71F3700AA8739 /* UIImage+ImageEffects.m */ = {isa = PBXFileReference; fileEncoding = 4; lastKnownFileType = sourcecode.c.objc; path = "UIImage+ImageEffects.m"; sourceTree = "<group>"; };
		86D299CA1CA71F3700AA8739 /* UIImage+SeshUtils.h */ = {isa = PBXFileReference; fileEncoding = 4; lastKnownFileType = sourcecode.c.h; path = "UIImage+SeshUtils.h"; sourceTree = "<group>"; };
		86D299CB1CA71F3700AA8739 /* UIImage+SeshUtils.m */ = {isa = PBXFileReference; fileEncoding = 4; lastKnownFileType = sourcecode.c.objc; path = "UIImage+SeshUtils.m"; sourceTree = "<group>"; };
		86D299CF1CA721CA00AA8739 /* tweed_texture.png */ = {isa = PBXFileReference; lastKnownFileType = image.png; path = tweed_texture.png; sourceTree = "<group>"; };
		86D299D21CA729F800AA8739 /* TweedTextField.swift */ = {isa = PBXFileReference; fileEncoding = 4; lastKnownFileType = sourcecode.swift; path = TweedTextField.swift; sourceTree = "<group>"; };
		86D299D51CA72C8300AA8739 /* email_gray.png */ = {isa = PBXFileReference; lastKnownFileType = image.png; path = email_gray.png; sourceTree = "<group>"; };
		86D299D61CA72C8300AA8739 /* email_gray@2x.png */ = {isa = PBXFileReference; lastKnownFileType = image.png; path = "email_gray@2x.png"; sourceTree = "<group>"; };
		86D299D71CA72C8300AA8739 /* email_gray@3x.png */ = {isa = PBXFileReference; lastKnownFileType = image.png; path = "email_gray@3x.png"; sourceTree = "<group>"; };
		86D299DB1CA737AF00AA8739 /* SeshConfirmationAnimationView.h */ = {isa = PBXFileReference; fileEncoding = 4; lastKnownFileType = sourcecode.c.h; path = SeshConfirmationAnimationView.h; sourceTree = "<group>"; };
		86D299DC1CA737AF00AA8739 /* SeshConfirmationAnimationView.m */ = {isa = PBXFileReference; fileEncoding = 4; lastKnownFileType = sourcecode.c.objc; path = SeshConfirmationAnimationView.m; sourceTree = "<group>"; };
		86D299DF1CA737E400AA8739 /* SeshProgressIndicator.h */ = {isa = PBXFileReference; fileEncoding = 4; lastKnownFileType = sourcecode.c.h; path = SeshProgressIndicator.h; sourceTree = "<group>"; };
		86D299E01CA737E400AA8739 /* SeshProgressIndicator.m */ = {isa = PBXFileReference; fileEncoding = 4; lastKnownFileType = sourcecode.c.objc; path = SeshProgressIndicator.m; sourceTree = "<group>"; };
		86D299E21CA7384000AA8739 /* UIColor+Sesh.h */ = {isa = PBXFileReference; fileEncoding = 4; lastKnownFileType = sourcecode.c.h; path = "UIColor+Sesh.h"; sourceTree = "<group>"; };
		86D299E31CA7384000AA8739 /* UIColor+Sesh.m */ = {isa = PBXFileReference; fileEncoding = 4; lastKnownFileType = sourcecode.c.objc; path = "UIColor+Sesh.m"; sourceTree = "<group>"; };
		86D299E41CA7384000AA8739 /* UIFont+Sesh.h */ = {isa = PBXFileReference; fileEncoding = 4; lastKnownFileType = sourcecode.c.h; path = "UIFont+Sesh.h"; sourceTree = "<group>"; };
		86D299E51CA7384000AA8739 /* UIFont+Sesh.m */ = {isa = PBXFileReference; fileEncoding = 4; lastKnownFileType = sourcecode.c.objc; path = "UIFont+Sesh.m"; sourceTree = "<group>"; };
		86D299E61CA7384100AA8739 /* UILabel+Sesh.h */ = {isa = PBXFileReference; fileEncoding = 4; lastKnownFileType = sourcecode.c.h; path = "UILabel+Sesh.h"; sourceTree = "<group>"; };
		86D299E71CA7384100AA8739 /* UILabel+Sesh.m */ = {isa = PBXFileReference; fileEncoding = 4; lastKnownFileType = sourcecode.c.objc; path = "UILabel+Sesh.m"; sourceTree = "<group>"; };
		86D299EB1CA7385D00AA8739 /* SeshActivityIndicator.h */ = {isa = PBXFileReference; fileEncoding = 4; lastKnownFileType = sourcecode.c.h; path = SeshActivityIndicator.h; sourceTree = "<group>"; };
		86D299EC1CA7385D00AA8739 /* SeshActivityIndicator.m */ = {isa = PBXFileReference; fileEncoding = 4; lastKnownFileType = sourcecode.c.objc; path = SeshActivityIndicator.m; sourceTree = "<group>"; };
		86D299EE1CA7396600AA8739 /* cancel_circle.png */ = {isa = PBXFileReference; lastKnownFileType = image.png; path = cancel_circle.png; sourceTree = "<group>"; };
		86D299EF1CA7396600AA8739 /* cancel_circle@2x.png */ = {isa = PBXFileReference; lastKnownFileType = image.png; path = "cancel_circle@2x.png"; sourceTree = "<group>"; };
		86D299F01CA7396600AA8739 /* cancel_circle@3x.png */ = {isa = PBXFileReference; lastKnownFileType = image.png; path = "cancel_circle@3x.png"; sourceTree = "<group>"; };
		86D299F11CA7396600AA8739 /* cancel.png */ = {isa = PBXFileReference; lastKnownFileType = image.png; path = cancel.png; sourceTree = "<group>"; };
		86D299F21CA7396600AA8739 /* cancel@2x.png */ = {isa = PBXFileReference; lastKnownFileType = image.png; path = "cancel@2x.png"; sourceTree = "<group>"; };
		86D299F31CA7396600AA8739 /* cancel@3x.png */ = {isa = PBXFileReference; lastKnownFileType = image.png; path = "cancel@3x.png"; sourceTree = "<group>"; };
		86D299F41CA7396600AA8739 /* check_circle.png */ = {isa = PBXFileReference; lastKnownFileType = image.png; path = check_circle.png; sourceTree = "<group>"; };
		86D299F51CA7396600AA8739 /* check_circle@2x.png */ = {isa = PBXFileReference; lastKnownFileType = image.png; path = "check_circle@2x.png"; sourceTree = "<group>"; };
		86D299F61CA7396600AA8739 /* check_circle@3x.png */ = {isa = PBXFileReference; lastKnownFileType = image.png; path = "check_circle@3x.png"; sourceTree = "<group>"; };
		86D299F71CA7396600AA8739 /* check.png */ = {isa = PBXFileReference; lastKnownFileType = image.png; path = check.png; sourceTree = "<group>"; };
		86D299F81CA7396600AA8739 /* check@2x.png */ = {isa = PBXFileReference; lastKnownFileType = image.png; path = "check@2x.png"; sourceTree = "<group>"; };
		86D299F91CA7396600AA8739 /* check@3x.png */ = {isa = PBXFileReference; lastKnownFileType = image.png; path = "check@3x.png"; sourceTree = "<group>"; };
		86D299FA1CA7396600AA8739 /* plus_circle.png */ = {isa = PBXFileReference; lastKnownFileType = image.png; path = plus_circle.png; sourceTree = "<group>"; };
		86D299FB1CA7396600AA8739 /* plus_circle@2x.png */ = {isa = PBXFileReference; lastKnownFileType = image.png; path = "plus_circle@2x.png"; sourceTree = "<group>"; };
		86D299FC1CA7396600AA8739 /* plus_circle@3x.png */ = {isa = PBXFileReference; lastKnownFileType = image.png; path = "plus_circle@3x.png"; sourceTree = "<group>"; };
		86D299FD1CA7396600AA8739 /* plus.png */ = {isa = PBXFileReference; lastKnownFileType = image.png; path = plus.png; sourceTree = "<group>"; };
		86D299FE1CA7396600AA8739 /* plus@2x.png */ = {isa = PBXFileReference; lastKnownFileType = image.png; path = "plus@2x.png"; sourceTree = "<group>"; };
		86D299FF1CA7396600AA8739 /* plus@3x.png */ = {isa = PBXFileReference; lastKnownFileType = image.png; path = "plus@3x.png"; sourceTree = "<group>"; };
		86D29A121CA7434900AA8739 /* AccessToken.h */ = {isa = PBXFileReference; fileEncoding = 4; lastKnownFileType = sourcecode.c.h; path = AccessToken.h; sourceTree = "<group>"; };
		86D29A131CA7434900AA8739 /* AccessToken.m */ = {isa = PBXFileReference; fileEncoding = 4; lastKnownFileType = sourcecode.c.objc; path = AccessToken.m; sourceTree = "<group>"; };
		86D29A141CA7434900AA8739 /* TweedAuthManager.h */ = {isa = PBXFileReference; fileEncoding = 4; lastKnownFileType = sourcecode.c.h; path = TweedAuthManager.h; sourceTree = "<group>"; };
		86D29A151CA7434900AA8739 /* TweedAuthManager.m */ = {isa = PBXFileReference; fileEncoding = 4; lastKnownFileType = sourcecode.c.objc; path = TweedAuthManager.m; sourceTree = "<group>"; };
		86D29A1A1CA7475F00AA8739 /* LoadingViewController.swift */ = {isa = PBXFileReference; fileEncoding = 4; lastKnownFileType = sourcecode.swift; path = LoadingViewController.swift; sourceTree = "<group>"; };
		86D29A1C1CA749F200AA8739 /* tweed_loading.png */ = {isa = PBXFileReference; lastKnownFileType = image.png; path = tweed_loading.png; sourceTree = "<group>"; };
		AF615DC21CA84CA800161B56 /* payment_check.png */ = {isa = PBXFileReference; lastKnownFileType = image.png; path = payment_check.png; sourceTree = "<group>"; };
		AF615DC31CA84CA800161B56 /* payment_check@2x.png */ = {isa = PBXFileReference; lastKnownFileType = image.png; path = "payment_check@2x.png"; sourceTree = "<group>"; };
		AF615DC61CA862F700161B56 /* Tweet+CoreDataProperties.swift */ = {isa = PBXFileReference; fileEncoding = 4; lastKnownFileType = sourcecode.swift; path = "Tweet+CoreDataProperties.swift"; sourceTree = "<group>"; };
		AF615DC71CA862F700161B56 /* Tweet.swift */ = {isa = PBXFileReference; fileEncoding = 4; lastKnownFileType = sourcecode.swift; path = Tweet.swift; sourceTree = "<group>"; };
		AF615DCA1CA8671100161B56 /* NSDate+Tweed.swift */ = {isa = PBXFileReference; fileEncoding = 4; lastKnownFileType = sourcecode.swift; path = "NSDate+Tweed.swift"; sourceTree = "<group>"; };
		AF615DCC1CA898EC00161B56 /* UIScrollView+Tweed.swift */ = {isa = PBXFileReference; fileEncoding = 4; lastKnownFileType = sourcecode.swift; path = "UIScrollView+Tweed.swift"; sourceTree = "<group>"; };
		AF8883731CA732D40097DCDA /* SF-UI-Text-Regular.otf */ = {isa = PBXFileReference; lastKnownFileType = file; path = "SF-UI-Text-Regular.otf"; sourceTree = "<group>"; };
		AF8883771CA734210097DCDA /* User+CoreDataProperties.swift */ = {isa = PBXFileReference; fileEncoding = 4; lastKnownFileType = sourcecode.swift; path = "User+CoreDataProperties.swift"; sourceTree = "<group>"; };
		AF8883781CA734210097DCDA /* User.swift */ = {isa = PBXFileReference; fileEncoding = 4; lastKnownFileType = sourcecode.swift; path = User.swift; sourceTree = "<group>"; };
		AF88837C1CA73AE60097DCDA /* RecommendationsView.swift */ = {isa = PBXFileReference; fileEncoding = 4; lastKnownFileType = sourcecode.swift; path = RecommendationsView.swift; sourceTree = "<group>"; };
		AF88837E1CA73AFB0097DCDA /* RecommendationTableViewCell.swift */ = {isa = PBXFileReference; fileEncoding = 4; lastKnownFileType = sourcecode.swift; path = RecommendationTableViewCell.swift; sourceTree = "<group>"; };
		AF8883821CA745BD0097DCDA /* TweedBorderedButton.swift */ = {isa = PBXFileReference; fileEncoding = 4; lastKnownFileType = sourcecode.swift; path = TweedBorderedButton.swift; sourceTree = "<group>"; };
		AFCDB7C91CA8B20B00D2B6A8 /* retweet.png */ = {isa = PBXFileReference; lastKnownFileType = image.png; path = retweet.png; sourceTree = "<group>"; };
		AFCDB7CA1CA8B20B00D2B6A8 /* retweet@2x.png */ = {isa = PBXFileReference; lastKnownFileType = image.png; path = "retweet@2x.png"; sourceTree = "<group>"; };
		AFCDB7CB1CA8B20B00D2B6A8 /* retweet@3x.png */ = {isa = PBXFileReference; lastKnownFileType = image.png; path = "retweet@3x.png"; sourceTree = "<group>"; };
		AFD802471CA78F0300375E4F /* SF-UI-Text-Medium.otf */ = {isa = PBXFileReference; lastKnownFileType = file; path = "SF-UI-Text-Medium.otf"; sourceTree = "<group>"; };
		B808E2B0FC48822C25B15FCE /* Pods.framework */ = {isa = PBXFileReference; explicitFileType = wrapper.framework; includeInIndex = 0; path = Pods.framework; sourceTree = BUILT_PRODUCTS_DIR; };
		C8015E868E43487347046249 /* Pods.debug.xcconfig */ = {isa = PBXFileReference; includeInIndex = 1; lastKnownFileType = text.xcconfig; name = Pods.debug.xcconfig; path = "Pods/Target Support Files/Pods/Pods.debug.xcconfig"; sourceTree = "<group>"; };
/* End PBXFileReference section */

/* Begin PBXFrameworksBuildPhase section */
		8614E8001CA5F39600DF48EA /* Frameworks */ = {
			isa = PBXFrameworksBuildPhase;
			buildActionMask = 2147483647;
			files = (
				86D2998B1CA5F88100AA8739 /* CoreData.framework in Frameworks */,
				86D299821CA5F87300AA8739 /* CFNetwork.framework in Frameworks */,
				86D299831CA5F87300AA8739 /* Foundation.framework in Frameworks */,
				86D299841CA5F87300AA8739 /* GameKit.framework in Frameworks */,
				86D299851CA5F87300AA8739 /* OpenGLES.framework in Frameworks */,
				86D299861CA5F87300AA8739 /* QuartzCore.framework in Frameworks */,
				86D299871CA5F87300AA8739 /* Social.framework in Frameworks */,
				86D299881CA5F87300AA8739 /* StoreKit.framework in Frameworks */,
				86D299891CA5F87300AA8739 /* SystemConfiguration.framework in Frameworks */,
				C429FE23F637B9810327BB16 /* Pods.framework in Frameworks */,
			);
			runOnlyForDeploymentPostprocessing = 0;
		};
		8614E8171CA5F39600DF48EA /* Frameworks */ = {
			isa = PBXFrameworksBuildPhase;
			buildActionMask = 2147483647;
			files = (
			);
			runOnlyForDeploymentPostprocessing = 0;
		};
		8614E8221CA5F39600DF48EA /* Frameworks */ = {
			isa = PBXFrameworksBuildPhase;
			buildActionMask = 2147483647;
			files = (
			);
			runOnlyForDeploymentPostprocessing = 0;
		};
/* End PBXFrameworksBuildPhase section */

/* Begin PBXGroup section */
		02B1A293E1DF4DACC06AEA2E /* Pods */ = {
			isa = PBXGroup;
			children = (
				C8015E868E43487347046249 /* Pods.debug.xcconfig */,
				469926E8651BA05D3730C395 /* Pods.release.xcconfig */,
			);
			name = Pods;
			sourceTree = "<group>";
		};
		8614E7FA1CA5F39600DF48EA = {
			isa = PBXGroup;
			children = (
				8614E8051CA5F39600DF48EA /* Tweed */,
				8614E81D1CA5F39600DF48EA /* TweedTests */,
				8614E8281CA5F39600DF48EA /* TweedUITests */,
				8614E8041CA5F39600DF48EA /* Products */,
				02B1A293E1DF4DACC06AEA2E /* Pods */,
				E88152B23AB8FC9772C3D7B9 /* Frameworks */,
			);
			sourceTree = "<group>";
		};
		8614E8041CA5F39600DF48EA /* Products */ = {
			isa = PBXGroup;
			children = (
				8614E8031CA5F39600DF48EA /* Tweed.app */,
				8614E81A1CA5F39600DF48EA /* TweedTests.xctest */,
				8614E8251CA5F39600DF48EA /* TweedUITests.xctest */,
			);
			name = Products;
			sourceTree = "<group>";
		};
		8614E8051CA5F39600DF48EA /* Tweed */ = {
			isa = PBXGroup;
			children = (
				86D29A181CA7434F00AA8739 /* Auth */,
				86D299D41CA72A0400AA8739 /* Reusable Components */,
				86D299BF1CA7175E00AA8739 /* Networking */,
				86D299B51CA60C0D00AA8739 /* Extensions */,
				86D299B11CA60B5700AA8739 /* View Controllers */,
				8614E8061CA5F39600DF48EA /* AppDelegate.swift */,
				86D2998C1CA608A200AA8739 /* Resources */,
				8614E83C1CA5F65800DF48EA /* Core Data */,
			);
			path = Tweed;
			sourceTree = "<group>";
		};
		8614E81D1CA5F39600DF48EA /* TweedTests */ = {
			isa = PBXGroup;
			children = (
				8614E81E1CA5F39600DF48EA /* TweedTests.swift */,
				8614E8201CA5F39600DF48EA /* Info.plist */,
			);
			path = TweedTests;
			sourceTree = "<group>";
		};
		8614E8281CA5F39600DF48EA /* TweedUITests */ = {
			isa = PBXGroup;
			children = (
				8614E8291CA5F39600DF48EA /* TweedUITests.swift */,
				8614E82B1CA5F39600DF48EA /* Info.plist */,
			);
			path = TweedUITests;
			sourceTree = "<group>";
		};
		8614E83C1CA5F65800DF48EA /* Core Data */ = {
			isa = PBXGroup;
			children = (
				AF8883761CA7340C0097DCDA /* NSManagedObjects */,
				8614E8381CA5F64000DF48EA /* DataManager.h */,
				8614E8391CA5F64000DF48EA /* DataManager.m */,
				8614E80D1CA5F39600DF48EA /* Tweed.xcdatamodeld */,
			);
			name = "Core Data";
			sourceTree = "<group>";
		};
		862A4A2E1CA78436009B29F4 /* Extensions */ = {
			isa = PBXGroup;
			children = (
				86D299E21CA7384000AA8739 /* UIColor+Sesh.h */,
				86D299E31CA7384000AA8739 /* UIColor+Sesh.m */,
				86D299E41CA7384000AA8739 /* UIFont+Sesh.h */,
				86D299E51CA7384000AA8739 /* UIFont+Sesh.m */,
				86D299E61CA7384100AA8739 /* UILabel+Sesh.h */,
				86D299E71CA7384100AA8739 /* UILabel+Sesh.m */,
			);
			name = Extensions;
			sourceTree = "<group>";
		};
		862A4A3C1CA78464009B29F4 /* SeshAlertView */ = {
			isa = PBXGroup;
			children = (
				862A4A4F1CA785CB009B29F4 /* UIWindow+Sesh.h */,
				862A4A501CA785CB009B29F4 /* UIWindow+Sesh.m */,
				862A4A4C1CA785BD009B29F4 /* UIApplication+SeshUtils.h */,
				862A4A4D1CA785BE009B29F4 /* UIApplication+SeshUtils.m */,
				862A4A491CA78573009B29F4 /* SeshButton.h */,
				862A4A4A1CA78573009B29F4 /* SeshButton.m */,
				862A4A461CA7855E009B29F4 /* SeshUtils.h */,
				862A4A471CA7855E009B29F4 /* SeshUtils.m */,
				862A4A431CA78533009B29F4 /* SeshIncreaseTapRadiusButton.h */,
				862A4A441CA78533009B29F4 /* SeshIncreaseTapRadiusButton.m */,
				862A4A401CA7851D009B29F4 /* SeshTopBarView.h */,
				862A4A411CA7851D009B29F4 /* SeshTopBarView.m */,
				862A4A3D1CA78475009B29F4 /* SeshBlurWindow.h */,
				862A4A3E1CA78475009B29F4 /* SeshBlurWindow.m */,
				862A4A2F1CA7845D009B29F4 /* SeshAlertView.h */,
				862A4A301CA7845D009B29F4 /* SeshAlertView.m */,
				862A4A311CA7845D009B29F4 /* SeshAlertViewController.h */,
				862A4A321CA7845D009B29F4 /* SeshAlertViewController.m */,
				862A4A331CA7845D009B29F4 /* SeshAlertViewInternal.h */,
				862A4A341CA7845D009B29F4 /* SeshAlertViewItem.h */,
				862A4A351CA7845D009B29F4 /* SeshAlertViewItem.m */,
				862A4A361CA7845D009B29F4 /* SeshAlertViewManager.h */,
				862A4A371CA7845D009B29F4 /* SeshAlertViewManager.m */,
			);
			name = SeshAlertView;
			sourceTree = "<group>";
		};
		862A4A541CA85299009B29F4 /* View Profile */ = {
			isa = PBXGroup;
			children = (
				862A4A551CA852B4009B29F4 /* ViewProfileAlertView.swift */,
				862A4A561CA852B4009B29F4 /* ViewProfileAlertViewController.swift */,
			);
			name = "View Profile";
			sourceTree = "<group>";
		};
		86D2998C1CA608A200AA8739 /* Resources */ = {
			isa = PBXGroup;
			children = (
				86D299D11CA721CD00AA8739 /* Textures */,
				86D2998E1CA608C400AA8739 /* Fonts */,
				86D2998D1CA608BB00AA8739 /* Icons */,
				8614E8101CA5F39600DF48EA /* Assets.xcassets */,
				8614E8121CA5F39600DF48EA /* LaunchScreen.storyboard */,
				8614E8151CA5F39600DF48EA /* Info.plist */,
				8614E8371CA5F63F00DF48EA /* Tweed-Bridging-Header.h */,
			);
			name = Resources;
			sourceTree = "<group>";
		};
		86D2998D1CA608BB00AA8739 /* Icons */ = {
			isa = PBXGroup;
			children = (
				AFCDB7C91CA8B20B00D2B6A8 /* retweet.png */,
				AFCDB7CA1CA8B20B00D2B6A8 /* retweet@2x.png */,
				AFCDB7CB1CA8B20B00D2B6A8 /* retweet@3x.png */,
				AF615DC21CA84CA800161B56 /* payment_check.png */,
				AF615DC31CA84CA800161B56 /* payment_check@2x.png */,
				862A4A2C1CA77DCD009B29F4 /* circle3.png */,
				86D299EE1CA7396600AA8739 /* cancel_circle.png */,
				86D299EF1CA7396600AA8739 /* cancel_circle@2x.png */,
				86D299F01CA7396600AA8739 /* cancel_circle@3x.png */,
				86D299F11CA7396600AA8739 /* cancel.png */,
				86D299F21CA7396600AA8739 /* cancel@2x.png */,
				86D299F31CA7396600AA8739 /* cancel@3x.png */,
				86D299F41CA7396600AA8739 /* check_circle.png */,
				86D299F51CA7396600AA8739 /* check_circle@2x.png */,
				86D299F61CA7396600AA8739 /* check_circle@3x.png */,
				86D299F71CA7396600AA8739 /* check.png */,
				86D299F81CA7396600AA8739 /* check@2x.png */,
				86D299F91CA7396600AA8739 /* check@3x.png */,
				86D299FA1CA7396600AA8739 /* plus_circle.png */,
				86D299FB1CA7396600AA8739 /* plus_circle@2x.png */,
				86D299FC1CA7396600AA8739 /* plus_circle@3x.png */,
				86D299FD1CA7396600AA8739 /* plus.png */,
				86D299FE1CA7396600AA8739 /* plus@2x.png */,
				86D299FF1CA7396600AA8739 /* plus@3x.png */,
				86D299D51CA72C8300AA8739 /* email_gray.png */,
				86D299D61CA72C8300AA8739 /* email_gray@2x.png */,
				86D299D71CA72C8300AA8739 /* email_gray@3x.png */,
				86D299C21CA71E5F00AA8739 /* plus_white.png */,
				86D299C31CA71E5F00AA8739 /* plus_white@2x.png */,
				86D299C41CA71E5F00AA8739 /* plus_white@3x.png */,
			);
			name = Icons;
			sourceTree = "<group>";
		};
		86D2998E1CA608C400AA8739 /* Fonts */ = {
			isa = PBXGroup;
			children = (
				AFD802471CA78F0300375E4F /* SF-UI-Text-Medium.otf */,
				AF8883731CA732D40097DCDA /* SF-UI-Text-Regular.otf */,
				86D2998F1CA608EE00AA8739 /* Gotham-Black.otf */,
				86D299901CA608EE00AA8739 /* Gotham-BlackItalic.otf */,
				86D299911CA608EE00AA8739 /* Gotham-Bold.otf */,
				86D299921CA608EE00AA8739 /* Gotham-BoldItalic.otf */,
				86D299931CA608EE00AA8739 /* Gotham-Book.otf */,
				86D299941CA608EE00AA8739 /* Gotham-BookItalic.otf */,
				86D299951CA608EE00AA8739 /* Gotham-Light.otf */,
				86D299961CA608EE00AA8739 /* Gotham-LightItalic.otf */,
				86D299971CA608EE00AA8739 /* Gotham-Medium.otf */,
				86D299981CA608EE00AA8739 /* Gotham-MediumItalic.otf */,
				86D299991CA608EE00AA8739 /* Gotham-Thin.otf */,
				86D2999A1CA608EE00AA8739 /* Gotham-ThinItalic.otf */,
				86D2999B1CA608EE00AA8739 /* Gotham-Ultra.otf */,
				86D2999C1CA608EE00AA8739 /* Gotham-UltraItalic.otf */,
				86D2999D1CA608EE00AA8739 /* Gotham-XLight.otf */,
				86D2999E1CA608EE00AA8739 /* Gotham-XLightItalic.otf */,
			);
			name = Fonts;
			sourceTree = "<group>";
		};
		86D299B11CA60B5700AA8739 /* View Controllers */ = {
			isa = PBXGroup;
			children = (
				862A4A541CA85299009B29F4 /* View Profile */,
				86D29A191CA7474D00AA8739 /* Loading */,
				86D299BC1CA7148B00AA8739 /* Follow */,
				86D299B21CA60B6400AA8739 /* Home */,
			);
			name = "View Controllers";
			sourceTree = "<group>";
		};
		86D299B21CA60B6400AA8739 /* Home */ = {
			isa = PBXGroup;
			children = (
				8614E83D1CA5F6EC00DF48EA /* HomeViewController.swift */,
				86D299B31CA60BA800AA8739 /* TweetTableViewCell.swift */,
				86D299BA1CA7110700AA8739 /* TweedViewConstants.swift */,
				86CD27401CA8968E0076E5AC /* FollowingCollectionViewCell.swift */,
			);
			name = Home;
			sourceTree = "<group>";
		};
		86D299B51CA60C0D00AA8739 /* Extensions */ = {
			isa = PBXGroup;
			children = (
				86D299CE1CA71F3C00AA8739 /* UIImage */,
				86D299AF1CA609A200AA8739 /* UIFont+Tweed.swift */,
				86D299B61CA60C2100AA8739 /* UILabel+Tweed.swift */,
				86D299B81CA60D4500AA8739 /* UIColor+Tweed.swift */,
				AF615DCA1CA8671100161B56 /* NSDate+Tweed.swift */,
				862A4A5B1CA875F3009B29F4 /* NSNumber+Tweed.swift */,
				AF615DCC1CA898EC00161B56 /* UIScrollView+Tweed.swift */,
			);
			name = Extensions;
			sourceTree = "<group>";
		};
		86D299BC1CA7148B00AA8739 /* Follow */ = {
			isa = PBXGroup;
			children = (
				AF88837B1CA73AC00097DCDA /* Reccomendations */,
				86D299BD1CA714A500AA8739 /* FollowViewController.swift */,
				862A4A521CA78B0B009B29F4 /* AddedHandleTableViewCell.swift */,
			);
			name = Follow;
			sourceTree = "<group>";
		};
		86D299BF1CA7175E00AA8739 /* Networking */ = {
			isa = PBXGroup;
			children = (
				86D299C01CA7177000AA8739 /* TweedNetworking.swift */,
			);
			name = Networking;
			sourceTree = "<group>";
		};
		86D299CE1CA71F3C00AA8739 /* UIImage */ = {
			isa = PBXGroup;
			children = (
				86D299C81CA71F3700AA8739 /* UIImage+ImageEffects.h */,
				86D299C91CA71F3700AA8739 /* UIImage+ImageEffects.m */,
				86D299CA1CA71F3700AA8739 /* UIImage+SeshUtils.h */,
				86D299CB1CA71F3700AA8739 /* UIImage+SeshUtils.m */,
			);
			name = UIImage;
			sourceTree = "<group>";
		};
		86D299D11CA721CD00AA8739 /* Textures */ = {
			isa = PBXGroup;
			children = (
				86D29A1C1CA749F200AA8739 /* tweed_loading.png */,
				86D299CF1CA721CA00AA8739 /* tweed_texture.png */,
			);
			name = Textures;
			sourceTree = "<group>";
		};
		86D299D41CA72A0400AA8739 /* Reusable Components */ = {
			isa = PBXGroup;
			children = (
				86D299DE1CA737BA00AA8739 /* Sesh (All necessary for SeshConfirmationAnimationView) */,
				86D299D21CA729F800AA8739 /* TweedTextField.swift */,
				AF8883821CA745BD0097DCDA /* TweedBorderedButton.swift */,
			);
			name = "Reusable Components";
			sourceTree = "<group>";
		};
		86D299DE1CA737BA00AA8739 /* Sesh (All necessary for SeshConfirmationAnimationView) */ = {
			isa = PBXGroup;
			children = (
				862A4A591CA8719A009B29F4 /* SeshDotView.swift */,
				862A4A3C1CA78464009B29F4 /* SeshAlertView */,
				86D299EB1CA7385D00AA8739 /* SeshActivityIndicator.h */,
				86D299EC1CA7385D00AA8739 /* SeshActivityIndicator.m */,
				862A4A2E1CA78436009B29F4 /* Extensions */,
				86D299DF1CA737E400AA8739 /* SeshProgressIndicator.h */,
				86D299E01CA737E400AA8739 /* SeshProgressIndicator.m */,
				86D299DB1CA737AF00AA8739 /* SeshConfirmationAnimationView.h */,
				86D299DC1CA737AF00AA8739 /* SeshConfirmationAnimationView.m */,
			);
			name = "Sesh (All necessary for SeshConfirmationAnimationView)";
			sourceTree = "<group>";
		};
		86D29A181CA7434F00AA8739 /* Auth */ = {
			isa = PBXGroup;
			children = (
				86D29A121CA7434900AA8739 /* AccessToken.h */,
				86D29A131CA7434900AA8739 /* AccessToken.m */,
				86D29A141CA7434900AA8739 /* TweedAuthManager.h */,
				86D29A151CA7434900AA8739 /* TweedAuthManager.m */,
			);
			name = Auth;
			sourceTree = "<group>";
		};
		86D29A191CA7474D00AA8739 /* Loading */ = {
			isa = PBXGroup;
			children = (
				86D29A1A1CA7475F00AA8739 /* LoadingViewController.swift */,
			);
			name = Loading;
			sourceTree = "<group>";
		};
		AF8883761CA7340C0097DCDA /* NSManagedObjects */ = {
			isa = PBXGroup;
			children = (
				AF615DC61CA862F700161B56 /* Tweet+CoreDataProperties.swift */,
				AF615DC71CA862F700161B56 /* Tweet.swift */,
				AF8883771CA734210097DCDA /* User+CoreDataProperties.swift */,
				AF8883781CA734210097DCDA /* User.swift */,
			);
			name = NSManagedObjects;
			sourceTree = "<group>";
		};
		AF88837B1CA73AC00097DCDA /* Reccomendations */ = {
			isa = PBXGroup;
			children = (
				AF88837C1CA73AE60097DCDA /* RecommendationsView.swift */,
				AF88837E1CA73AFB0097DCDA /* RecommendationTableViewCell.swift */,
			);
			name = Reccomendations;
			sourceTree = "<group>";
		};
		E88152B23AB8FC9772C3D7B9 /* Frameworks */ = {
			isa = PBXGroup;
			children = (
				86D2998A1CA5F88100AA8739 /* CoreData.framework */,
				86D2997A1CA5F87300AA8739 /* CFNetwork.framework */,
				86D2997B1CA5F87300AA8739 /* Foundation.framework */,
				86D2997C1CA5F87300AA8739 /* GameKit.framework */,
				86D2997D1CA5F87300AA8739 /* OpenGLES.framework */,
				86D2997E1CA5F87300AA8739 /* QuartzCore.framework */,
				86D2997F1CA5F87300AA8739 /* Social.framework */,
				86D299801CA5F87300AA8739 /* StoreKit.framework */,
				86D299811CA5F87300AA8739 /* SystemConfiguration.framework */,
				B808E2B0FC48822C25B15FCE /* Pods.framework */,
			);
			name = Frameworks;
			sourceTree = "<group>";
		};
/* End PBXGroup section */

/* Begin PBXNativeTarget section */
		8614E8021CA5F39600DF48EA /* Tweed */ = {
			isa = PBXNativeTarget;
			buildConfigurationList = 8614E82E1CA5F39600DF48EA /* Build configuration list for PBXNativeTarget "Tweed" */;
			buildPhases = (
				D04D4941235A9C99132FA5F7 /* Check Pods Manifest.lock */,
				8614E7FF1CA5F39600DF48EA /* Sources */,
				8614E8001CA5F39600DF48EA /* Frameworks */,
				8614E8011CA5F39600DF48EA /* Resources */,
				9654827650C04C01C39CC91C /* Embed Pods Frameworks */,
				07FBA5BB4DC3001D4206157E /* Copy Pods Resources */,
			);
			buildRules = (
			);
			dependencies = (
			);
			name = Tweed;
			productName = Tweed;
			productReference = 8614E8031CA5F39600DF48EA /* Tweed.app */;
			productType = "com.apple.product-type.application";
		};
		8614E8191CA5F39600DF48EA /* TweedTests */ = {
			isa = PBXNativeTarget;
			buildConfigurationList = 8614E8311CA5F39600DF48EA /* Build configuration list for PBXNativeTarget "TweedTests" */;
			buildPhases = (
				8614E8161CA5F39600DF48EA /* Sources */,
				8614E8171CA5F39600DF48EA /* Frameworks */,
				8614E8181CA5F39600DF48EA /* Resources */,
			);
			buildRules = (
			);
			dependencies = (
				8614E81C1CA5F39600DF48EA /* PBXTargetDependency */,
			);
			name = TweedTests;
			productName = TweedTests;
			productReference = 8614E81A1CA5F39600DF48EA /* TweedTests.xctest */;
			productType = "com.apple.product-type.bundle.unit-test";
		};
		8614E8241CA5F39600DF48EA /* TweedUITests */ = {
			isa = PBXNativeTarget;
			buildConfigurationList = 8614E8341CA5F39600DF48EA /* Build configuration list for PBXNativeTarget "TweedUITests" */;
			buildPhases = (
				8614E8211CA5F39600DF48EA /* Sources */,
				8614E8221CA5F39600DF48EA /* Frameworks */,
				8614E8231CA5F39600DF48EA /* Resources */,
			);
			buildRules = (
			);
			dependencies = (
				8614E8271CA5F39600DF48EA /* PBXTargetDependency */,
			);
			name = TweedUITests;
			productName = TweedUITests;
			productReference = 8614E8251CA5F39600DF48EA /* TweedUITests.xctest */;
			productType = "com.apple.product-type.bundle.ui-testing";
		};
/* End PBXNativeTarget section */

/* Begin PBXProject section */
		8614E7FB1CA5F39600DF48EA /* Project object */ = {
			isa = PBXProject;
			attributes = {
				LastSwiftUpdateCheck = 0720;
				LastUpgradeCheck = 0720;
				ORGANIZATIONNAME = "Zachary Saraf";
				TargetAttributes = {
					8614E8021CA5F39600DF48EA = {
						CreatedOnToolsVersion = 7.2.1;
						DevelopmentTeam = E6K9T3S697;
					};
					8614E8191CA5F39600DF48EA = {
						CreatedOnToolsVersion = 7.2.1;
						TestTargetID = 8614E8021CA5F39600DF48EA;
					};
					8614E8241CA5F39600DF48EA = {
						CreatedOnToolsVersion = 7.2.1;
						TestTargetID = 8614E8021CA5F39600DF48EA;
					};
				};
			};
			buildConfigurationList = 8614E7FE1CA5F39600DF48EA /* Build configuration list for PBXProject "Tweed" */;
			compatibilityVersion = "Xcode 3.2";
			developmentRegion = English;
			hasScannedForEncodings = 0;
			knownRegions = (
				en,
				Base,
			);
			mainGroup = 8614E7FA1CA5F39600DF48EA;
			productRefGroup = 8614E8041CA5F39600DF48EA /* Products */;
			projectDirPath = "";
			projectRoot = "";
			targets = (
				8614E8021CA5F39600DF48EA /* Tweed */,
				8614E8191CA5F39600DF48EA /* TweedTests */,
				8614E8241CA5F39600DF48EA /* TweedUITests */,
			);
		};
/* End PBXProject section */

/* Begin PBXResourcesBuildPhase section */
		8614E8011CA5F39600DF48EA /* Resources */ = {
			isa = PBXResourcesBuildPhase;
			buildActionMask = 2147483647;
			files = (
				AFD802481CA7902C00375E4F /* SF-UI-Text-Medium.otf in Resources */,
				86D299D91CA72C8300AA8739 /* email_gray@2x.png in Resources */,
				86D29A071CA7396600AA8739 /* check_circle@2x.png in Resources */,
				86D2999F1CA6094600AA8739 /* Gotham-Black.otf in Resources */,
				AF8883751CA732D40097DCDA /* SF-UI-Text-Regular.otf in Resources */,
				86D29A0B1CA7396600AA8739 /* check@3x.png in Resources */,
				AF615DC51CA84CA800161B56 /* payment_check@2x.png in Resources */,
				86D29A0D1CA7396600AA8739 /* plus_circle@2x.png in Resources */,
				86D29A0E1CA7396600AA8739 /* plus_circle@3x.png in Resources */,
				86D299C51CA71E5F00AA8739 /* plus_white.png in Resources */,
				86D29A001CA7396600AA8739 /* cancel_circle.png in Resources */,
				86D29A011CA7396600AA8739 /* cancel_circle@2x.png in Resources */,
				86D29A0F1CA7396600AA8739 /* plus.png in Resources */,
				86D299C71CA71E5F00AA8739 /* plus_white@3x.png in Resources */,
				86D299A01CA6094600AA8739 /* Gotham-BlackItalic.otf in Resources */,
				86D299A11CA6094600AA8739 /* Gotham-Bold.otf in Resources */,
				AFCDB7CE1CA8B20B00D2B6A8 /* retweet@3x.png in Resources */,
				AFCDB7CC1CA8B20B00D2B6A8 /* retweet.png in Resources */,
				86D299A21CA6094600AA8739 /* Gotham-BoldItalic.otf in Resources */,
				86D299A31CA6094600AA8739 /* Gotham-Book.otf in Resources */,
				86D29A0A1CA7396600AA8739 /* check@2x.png in Resources */,
				86D29A041CA7396600AA8739 /* cancel@2x.png in Resources */,
				86D299A41CA6094600AA8739 /* Gotham-BookItalic.otf in Resources */,
				86D299A51CA6094600AA8739 /* Gotham-Light.otf in Resources */,
				86D299D01CA721CA00AA8739 /* tweed_texture.png in Resources */,
				86D29A031CA7396600AA8739 /* cancel.png in Resources */,
				862A4A2D1CA77DCD009B29F4 /* circle3.png in Resources */,
				86D29A091CA7396600AA8739 /* check.png in Resources */,
				86D29A081CA7396600AA8739 /* check_circle@3x.png in Resources */,
				86D299A61CA6094600AA8739 /* Gotham-LightItalic.otf in Resources */,
				86D299A71CA6094600AA8739 /* Gotham-Medium.otf in Resources */,
				86D299A81CA6094600AA8739 /* Gotham-MediumItalic.otf in Resources */,
				86D29A1D1CA749F200AA8739 /* tweed_loading.png in Resources */,
				86D29A061CA7396600AA8739 /* check_circle.png in Resources */,
				86D299A91CA6094600AA8739 /* Gotham-Thin.otf in Resources */,
				86D299AA1CA6094600AA8739 /* Gotham-ThinItalic.otf in Resources */,
				86D299AB1CA6094600AA8739 /* Gotham-Ultra.otf in Resources */,
				86D299D81CA72C8300AA8739 /* email_gray.png in Resources */,
				86D299C61CA71E5F00AA8739 /* plus_white@2x.png in Resources */,
				86D299AC1CA6094600AA8739 /* Gotham-UltraItalic.otf in Resources */,
				86D299AD1CA6094600AA8739 /* Gotham-XLight.otf in Resources */,
				86D29A051CA7396600AA8739 /* cancel@3x.png in Resources */,
				86D29A111CA7396600AA8739 /* plus@3x.png in Resources */,
				86D299AE1CA6094600AA8739 /* Gotham-XLightItalic.otf in Resources */,
				86D29A0C1CA7396600AA8739 /* plus_circle.png in Resources */,
				86D299DA1CA72C8300AA8739 /* email_gray@3x.png in Resources */,
				86D29A101CA7396600AA8739 /* plus@2x.png in Resources */,
				86D29A021CA7396600AA8739 /* cancel_circle@3x.png in Resources */,
				AFCDB7CD1CA8B20B00D2B6A8 /* retweet@2x.png in Resources */,
				8614E8141CA5F39600DF48EA /* LaunchScreen.storyboard in Resources */,
				8614E8111CA5F39600DF48EA /* Assets.xcassets in Resources */,
				AF615DC41CA84CA800161B56 /* payment_check.png in Resources */,
			);
			runOnlyForDeploymentPostprocessing = 0;
		};
		8614E8181CA5F39600DF48EA /* Resources */ = {
			isa = PBXResourcesBuildPhase;
			buildActionMask = 2147483647;
			files = (
			);
			runOnlyForDeploymentPostprocessing = 0;
		};
		8614E8231CA5F39600DF48EA /* Resources */ = {
			isa = PBXResourcesBuildPhase;
			buildActionMask = 2147483647;
			files = (
			);
			runOnlyForDeploymentPostprocessing = 0;
		};
/* End PBXResourcesBuildPhase section */

/* Begin PBXShellScriptBuildPhase section */
		07FBA5BB4DC3001D4206157E /* Copy Pods Resources */ = {
			isa = PBXShellScriptBuildPhase;
			buildActionMask = 2147483647;
			files = (
			);
			inputPaths = (
			);
			name = "Copy Pods Resources";
			outputPaths = (
			);
			runOnlyForDeploymentPostprocessing = 0;
			shellPath = /bin/sh;
			shellScript = "\"${SRCROOT}/Pods/Target Support Files/Pods/Pods-resources.sh\"\n";
			showEnvVarsInLog = 0;
		};
		9654827650C04C01C39CC91C /* Embed Pods Frameworks */ = {
			isa = PBXShellScriptBuildPhase;
			buildActionMask = 2147483647;
			files = (
			);
			inputPaths = (
			);
			name = "Embed Pods Frameworks";
			outputPaths = (
			);
			runOnlyForDeploymentPostprocessing = 0;
			shellPath = /bin/sh;
			shellScript = "\"${SRCROOT}/Pods/Target Support Files/Pods/Pods-frameworks.sh\"\n";
			showEnvVarsInLog = 0;
		};
		D04D4941235A9C99132FA5F7 /* Check Pods Manifest.lock */ = {
			isa = PBXShellScriptBuildPhase;
			buildActionMask = 2147483647;
			files = (
			);
			inputPaths = (
			);
			name = "Check Pods Manifest.lock";
			outputPaths = (
			);
			runOnlyForDeploymentPostprocessing = 0;
			shellPath = /bin/sh;
			shellScript = "diff \"${PODS_ROOT}/../Podfile.lock\" \"${PODS_ROOT}/Manifest.lock\" > /dev/null\nif [[ $? != 0 ]] ; then\n    cat << EOM\nerror: The sandbox is not in sync with the Podfile.lock. Run 'pod install' or update your CocoaPods installation.\nEOM\n    exit 1\nfi\n";
			showEnvVarsInLog = 0;
		};
/* End PBXShellScriptBuildPhase section */

/* Begin PBXSourcesBuildPhase section */
		8614E7FF1CA5F39600DF48EA /* Sources */ = {
			isa = PBXSourcesBuildPhase;
			buildActionMask = 2147483647;
			files = (
				AF8883831CA745BD0097DCDA /* TweedBorderedButton.swift in Sources */,
				86D299CD1CA71F3700AA8739 /* UIImage+SeshUtils.m in Sources */,
				8614E83E1CA5F6EC00DF48EA /* HomeViewController.swift in Sources */,
				AF615DCD1CA898EC00161B56 /* UIScrollView+Tweed.swift in Sources */,
				8614E80F1CA5F39600DF48EA /* Tweed.xcdatamodeld in Sources */,
				86D299ED1CA7385D00AA8739 /* SeshActivityIndicator.m in Sources */,
				8614E83A1CA5F64000DF48EA /* DataManager.m in Sources */,
				AF88837A1CA734210097DCDA /* User.swift in Sources */,
				AF88837F1CA73AFB0097DCDA /* RecommendationTableViewCell.swift in Sources */,
				86D299B71CA60C2100AA8739 /* UILabel+Tweed.swift in Sources */,
				862A4A5A1CA8719A009B29F4 /* SeshDotView.swift in Sources */,
				86D29A1B1CA7475F00AA8739 /* LoadingViewController.swift in Sources */,
				862A4A531CA78B0B009B29F4 /* AddedHandleTableViewCell.swift in Sources */,
				86CD27411CA8968E0076E5AC /* FollowingCollectionViewCell.swift in Sources */,
				86D299B01CA609A200AA8739 /* UIFont+Tweed.swift in Sources */,
				8614E8071CA5F39600DF48EA /* AppDelegate.swift in Sources */,
				86D299E91CA7384100AA8739 /* UIFont+Sesh.m in Sources */,
				86D299E81CA7384100AA8739 /* UIColor+Sesh.m in Sources */,
				86D299E11CA737E400AA8739 /* SeshProgressIndicator.m in Sources */,
				86D29A171CA7434900AA8739 /* TweedAuthManager.m in Sources */,
				86D299B41CA60BA800AA8739 /* TweetTableViewCell.swift in Sources */,
				86D29A161CA7434900AA8739 /* AccessToken.m in Sources */,
				AF8883791CA734210097DCDA /* User+CoreDataProperties.swift in Sources */,
				86D299BE1CA714A500AA8739 /* FollowViewController.swift in Sources */,
				862A4A391CA7845D009B29F4 /* SeshAlertViewController.m in Sources */,
				862A4A3A1CA7845D009B29F4 /* SeshAlertViewItem.m in Sources */,
				AF615DCB1CA8671100161B56 /* NSDate+Tweed.swift in Sources */,
				86D299CC1CA71F3700AA8739 /* UIImage+ImageEffects.m in Sources */,
				86D299DD1CA737AF00AA8739 /* SeshConfirmationAnimationView.m in Sources */,
				862A4A381CA7845D009B29F4 /* SeshAlertView.m in Sources */,
				862A4A5C1CA875F3009B29F4 /* NSNumber+Tweed.swift in Sources */,
				862A4A421CA7851D009B29F4 /* SeshTopBarView.m in Sources */,
				86D299B91CA60D4500AA8739 /* UIColor+Tweed.swift in Sources */,
				86D299EA1CA7384100AA8739 /* UILabel+Sesh.m in Sources */,
				862A4A511CA785CB009B29F4 /* UIWindow+Sesh.m in Sources */,
				862A4A3F1CA78475009B29F4 /* SeshBlurWindow.m in Sources */,
				86D299D31CA729F800AA8739 /* TweedTextField.swift in Sources */,
				AF615DC81CA862F700161B56 /* Tweet+CoreDataProperties.swift in Sources */,
				AF88837D1CA73AE60097DCDA /* RecommendationsView.swift in Sources */,
				86D299C11CA7177000AA8739 /* TweedNetworking.swift in Sources */,
				862A4A3B1CA7845D009B29F4 /* SeshAlertViewManager.m in Sources */,
				862A4A481CA7855E009B29F4 /* SeshUtils.m in Sources */,
				862A4A581CA852B4009B29F4 /* ViewProfileAlertViewController.swift in Sources */,
				862A4A451CA78533009B29F4 /* SeshIncreaseTapRadiusButton.m in Sources */,
				862A4A4B1CA78573009B29F4 /* SeshButton.m in Sources */,
				862A4A571CA852B4009B29F4 /* ViewProfileAlertView.swift in Sources */,
				862A4A4E1CA785BE009B29F4 /* UIApplication+SeshUtils.m in Sources */,
				86D299BB1CA7110700AA8739 /* TweedViewConstants.swift in Sources */,
				AF615DC91CA862F700161B56 /* Tweet.swift in Sources */,
			);
			runOnlyForDeploymentPostprocessing = 0;
		};
		8614E8161CA5F39600DF48EA /* Sources */ = {
			isa = PBXSourcesBuildPhase;
			buildActionMask = 2147483647;
			files = (
				8614E81F1CA5F39600DF48EA /* TweedTests.swift in Sources */,
			);
			runOnlyForDeploymentPostprocessing = 0;
		};
		8614E8211CA5F39600DF48EA /* Sources */ = {
			isa = PBXSourcesBuildPhase;
			buildActionMask = 2147483647;
			files = (
				8614E82A1CA5F39600DF48EA /* TweedUITests.swift in Sources */,
			);
			runOnlyForDeploymentPostprocessing = 0;
		};
/* End PBXSourcesBuildPhase section */

/* Begin PBXTargetDependency section */
		8614E81C1CA5F39600DF48EA /* PBXTargetDependency */ = {
			isa = PBXTargetDependency;
			target = 8614E8021CA5F39600DF48EA /* Tweed */;
			targetProxy = 8614E81B1CA5F39600DF48EA /* PBXContainerItemProxy */;
		};
		8614E8271CA5F39600DF48EA /* PBXTargetDependency */ = {
			isa = PBXTargetDependency;
			target = 8614E8021CA5F39600DF48EA /* Tweed */;
			targetProxy = 8614E8261CA5F39600DF48EA /* PBXContainerItemProxy */;
		};
/* End PBXTargetDependency section */

/* Begin PBXVariantGroup section */
		8614E8121CA5F39600DF48EA /* LaunchScreen.storyboard */ = {
			isa = PBXVariantGroup;
			children = (
				8614E8131CA5F39600DF48EA /* Base */,
			);
			name = LaunchScreen.storyboard;
			sourceTree = "<group>";
		};
/* End PBXVariantGroup section */

/* Begin XCBuildConfiguration section */
		8614E82C1CA5F39600DF48EA /* Debug */ = {
			isa = XCBuildConfiguration;
			buildSettings = {
				ALWAYS_SEARCH_USER_PATHS = NO;
				CLANG_CXX_LANGUAGE_STANDARD = "gnu++0x";
				CLANG_CXX_LIBRARY = "libc++";
				CLANG_ENABLE_MODULES = YES;
				CLANG_ENABLE_OBJC_ARC = YES;
				CLANG_WARN_BOOL_CONVERSION = YES;
				CLANG_WARN_CONSTANT_CONVERSION = YES;
				CLANG_WARN_DIRECT_OBJC_ISA_USAGE = YES_ERROR;
				CLANG_WARN_EMPTY_BODY = YES;
				CLANG_WARN_ENUM_CONVERSION = YES;
				CLANG_WARN_INT_CONVERSION = YES;
				CLANG_WARN_OBJC_ROOT_CLASS = YES_ERROR;
				CLANG_WARN_UNREACHABLE_CODE = YES;
				CLANG_WARN__DUPLICATE_METHOD_MATCH = YES;
				"CODE_SIGN_IDENTITY[sdk=iphoneos*]" = "iPhone Developer";
				COPY_PHASE_STRIP = NO;
				DEBUG_INFORMATION_FORMAT = dwarf;
				ENABLE_STRICT_OBJC_MSGSEND = YES;
				ENABLE_TESTABILITY = YES;
				GCC_C_LANGUAGE_STANDARD = gnu99;
				GCC_DYNAMIC_NO_PIC = NO;
				GCC_NO_COMMON_BLOCKS = YES;
				GCC_OPTIMIZATION_LEVEL = 0;
				GCC_PREPROCESSOR_DEFINITIONS = (
					"DEBUG=1",
					"$(inherited)",
				);
				GCC_WARN_64_TO_32_BIT_CONVERSION = YES;
				GCC_WARN_ABOUT_RETURN_TYPE = YES_ERROR;
				GCC_WARN_UNDECLARED_SELECTOR = YES;
				GCC_WARN_UNINITIALIZED_AUTOS = YES_AGGRESSIVE;
				GCC_WARN_UNUSED_FUNCTION = YES;
				GCC_WARN_UNUSED_VARIABLE = YES;
				IPHONEOS_DEPLOYMENT_TARGET = 9.2;
				MTL_ENABLE_DEBUG_INFO = YES;
				ONLY_ACTIVE_ARCH = YES;
				SDKROOT = iphoneos;
				SWIFT_OPTIMIZATION_LEVEL = "-Onone";
			};
			name = Debug;
		};
		8614E82D1CA5F39600DF48EA /* Release */ = {
			isa = XCBuildConfiguration;
			buildSettings = {
				ALWAYS_SEARCH_USER_PATHS = NO;
				CLANG_CXX_LANGUAGE_STANDARD = "gnu++0x";
				CLANG_CXX_LIBRARY = "libc++";
				CLANG_ENABLE_MODULES = YES;
				CLANG_ENABLE_OBJC_ARC = YES;
				CLANG_WARN_BOOL_CONVERSION = YES;
				CLANG_WARN_CONSTANT_CONVERSION = YES;
				CLANG_WARN_DIRECT_OBJC_ISA_USAGE = YES_ERROR;
				CLANG_WARN_EMPTY_BODY = YES;
				CLANG_WARN_ENUM_CONVERSION = YES;
				CLANG_WARN_INT_CONVERSION = YES;
				CLANG_WARN_OBJC_ROOT_CLASS = YES_ERROR;
				CLANG_WARN_UNREACHABLE_CODE = YES;
				CLANG_WARN__DUPLICATE_METHOD_MATCH = YES;
				"CODE_SIGN_IDENTITY[sdk=iphoneos*]" = "iPhone Developer";
				COPY_PHASE_STRIP = NO;
				DEBUG_INFORMATION_FORMAT = "dwarf-with-dsym";
				ENABLE_NS_ASSERTIONS = NO;
				ENABLE_STRICT_OBJC_MSGSEND = YES;
				GCC_C_LANGUAGE_STANDARD = gnu99;
				GCC_NO_COMMON_BLOCKS = YES;
				GCC_WARN_64_TO_32_BIT_CONVERSION = YES;
				GCC_WARN_ABOUT_RETURN_TYPE = YES_ERROR;
				GCC_WARN_UNDECLARED_SELECTOR = YES;
				GCC_WARN_UNINITIALIZED_AUTOS = YES_AGGRESSIVE;
				GCC_WARN_UNUSED_FUNCTION = YES;
				GCC_WARN_UNUSED_VARIABLE = YES;
				IPHONEOS_DEPLOYMENT_TARGET = 9.2;
				MTL_ENABLE_DEBUG_INFO = NO;
				SDKROOT = iphoneos;
				VALIDATE_PRODUCT = YES;
			};
			name = Release;
		};
		8614E82F1CA5F39600DF48EA /* Debug */ = {
			isa = XCBuildConfiguration;
			baseConfigurationReference = C8015E868E43487347046249 /* Pods.debug.xcconfig */;
			buildSettings = {
				ASSETCATALOG_COMPILER_APPICON_NAME = AppIcon;
				CLANG_ENABLE_MODULES = YES;
				CODE_SIGN_IDENTITY = "iPhone Developer";
				INFOPLIST_FILE = Tweed/Info.plist;
				LD_RUNPATH_SEARCH_PATHS = "$(inherited) @executable_path/Frameworks";
				PRODUCT_BUNDLE_IDENTIFIER = com.seshtutoring.cinchdevapp;
				PRODUCT_NAME = "$(TARGET_NAME)";
				SWIFT_OBJC_BRIDGING_HEADER = "Tweed/Tweed-Bridging-Header.h";
				SWIFT_OPTIMIZATION_LEVEL = "-Onone";
			};
			name = Debug;
		};
		8614E8301CA5F39600DF48EA /* Release */ = {
			isa = XCBuildConfiguration;
			baseConfigurationReference = 469926E8651BA05D3730C395 /* Pods.release.xcconfig */;
			buildSettings = {
				ASSETCATALOG_COMPILER_APPICON_NAME = AppIcon;
				CLANG_ENABLE_MODULES = YES;
				CODE_SIGN_IDENTITY = "iPhone Developer";
				INFOPLIST_FILE = Tweed/Info.plist;
				LD_RUNPATH_SEARCH_PATHS = "$(inherited) @executable_path/Frameworks";
				PRODUCT_BUNDLE_IDENTIFIER = com.seshtutoring.cinchdevapp;
				PRODUCT_NAME = "$(TARGET_NAME)";
				SWIFT_OBJC_BRIDGING_HEADER = "Tweed/Tweed-Bridging-Header.h";
			};
			name = Release;
		};
		8614E8321CA5F39600DF48EA /* Debug */ = {
			isa = XCBuildConfiguration;
			buildSettings = {
				BUNDLE_LOADER = "$(TEST_HOST)";
				INFOPLIST_FILE = TweedTests/Info.plist;
				LD_RUNPATH_SEARCH_PATHS = "$(inherited) @executable_path/Frameworks @loader_path/Frameworks";
				PRODUCT_BUNDLE_IDENTIFIER = vanfordinc.TweedTests;
				PRODUCT_NAME = "$(TARGET_NAME)";
				TEST_HOST = "$(BUILT_PRODUCTS_DIR)/Tweed.app/Tweed";
			};
			name = Debug;
		};
		8614E8331CA5F39600DF48EA /* Release */ = {
			isa = XCBuildConfiguration;
			buildSettings = {
				BUNDLE_LOADER = "$(TEST_HOST)";
				INFOPLIST_FILE = TweedTests/Info.plist;
				LD_RUNPATH_SEARCH_PATHS = "$(inherited) @executable_path/Frameworks @loader_path/Frameworks";
				PRODUCT_BUNDLE_IDENTIFIER = vanfordinc.TweedTests;
				PRODUCT_NAME = "$(TARGET_NAME)";
				TEST_HOST = "$(BUILT_PRODUCTS_DIR)/Tweed.app/Tweed";
			};
			name = Release;
		};
		8614E8351CA5F39600DF48EA /* Debug */ = {
			isa = XCBuildConfiguration;
			buildSettings = {
				INFOPLIST_FILE = TweedUITests/Info.plist;
				LD_RUNPATH_SEARCH_PATHS = "$(inherited) @executable_path/Frameworks @loader_path/Frameworks";
				PRODUCT_BUNDLE_IDENTIFIER = vanfordinc.TweedUITests;
				PRODUCT_NAME = "$(TARGET_NAME)";
				TEST_TARGET_NAME = Tweed;
				USES_XCTRUNNER = YES;
			};
			name = Debug;
		};
		8614E8361CA5F39600DF48EA /* Release */ = {
			isa = XCBuildConfiguration;
			buildSettings = {
				INFOPLIST_FILE = TweedUITests/Info.plist;
				LD_RUNPATH_SEARCH_PATHS = "$(inherited) @executable_path/Frameworks @loader_path/Frameworks";
				PRODUCT_BUNDLE_IDENTIFIER = vanfordinc.TweedUITests;
				PRODUCT_NAME = "$(TARGET_NAME)";
				TEST_TARGET_NAME = Tweed;
				USES_XCTRUNNER = YES;
			};
			name = Release;
		};
/* End XCBuildConfiguration section */

/* Begin XCConfigurationList section */
		8614E7FE1CA5F39600DF48EA /* Build configuration list for PBXProject "Tweed" */ = {
			isa = XCConfigurationList;
			buildConfigurations = (
				8614E82C1CA5F39600DF48EA /* Debug */,
				8614E82D1CA5F39600DF48EA /* Release */,
			);
			defaultConfigurationIsVisible = 0;
			defaultConfigurationName = Release;
		};
		8614E82E1CA5F39600DF48EA /* Build configuration list for PBXNativeTarget "Tweed" */ = {
			isa = XCConfigurationList;
			buildConfigurations = (
				8614E82F1CA5F39600DF48EA /* Debug */,
				8614E8301CA5F39600DF48EA /* Release */,
			);
			defaultConfigurationIsVisible = 0;
			defaultConfigurationName = Release;
		};
		8614E8311CA5F39600DF48EA /* Build configuration list for PBXNativeTarget "TweedTests" */ = {
			isa = XCConfigurationList;
			buildConfigurations = (
				8614E8321CA5F39600DF48EA /* Debug */,
				8614E8331CA5F39600DF48EA /* Release */,
			);
			defaultConfigurationIsVisible = 0;
			defaultConfigurationName = Release;
		};
		8614E8341CA5F39600DF48EA /* Build configuration list for PBXNativeTarget "TweedUITests" */ = {
			isa = XCConfigurationList;
			buildConfigurations = (
				8614E8351CA5F39600DF48EA /* Debug */,
				8614E8361CA5F39600DF48EA /* Release */,
			);
			defaultConfigurationIsVisible = 0;
			defaultConfigurationName = Release;
		};
/* End XCConfigurationList section */

/* Begin XCVersionGroup section */
		8614E80D1CA5F39600DF48EA /* Tweed.xcdatamodeld */ = {
			isa = XCVersionGroup;
			children = (
				8614E80E1CA5F39600DF48EA /* Tweed.xcdatamodel */,
			);
			currentVersion = 8614E80E1CA5F39600DF48EA /* Tweed.xcdatamodel */;
			path = Tweed.xcdatamodeld;
			sourceTree = "<group>";
			versionGroupType = wrapper.xcdatamodel;
		};
/* End XCVersionGroup section */
	};
	rootObject = 8614E7FB1CA5F39600DF48EA /* Project object */;
}
