// !$*UTF8*$!
{
	archiveVersion = 1;
	classes = {
	};
	objectVersion = 46;
	objects = {

/* Begin PBXBuildFile section */
		8614E8071CA5F39600DF48EA /* AppDelegate.swift in Sources */ = {isa = PBXBuildFile; fileRef = 8614E8061CA5F39600DF48EA /* AppDelegate.swift */; };
		8614E80F1CA5F39600DF48EA /* Tweed.xcdatamodeld in Sources */ = {isa = PBXBuildFile; fileRef = 8614E80D1CA5F39600DF48EA /* Tweed.xcdatamodeld */; };
		8614E8111CA5F39600DF48EA /* Assets.xcassets in Resources */ = {isa = PBXBuildFile; fileRef = 8614E8101CA5F39600DF48EA /* Assets.xcassets */; };
		8614E8141CA5F39600DF48EA /* LaunchScreen.storyboard in Resources */ = {isa = PBXBuildFile; fileRef = 8614E8121CA5F39600DF48EA /* LaunchScreen.storyboard */; };
		8614E81F1CA5F39600DF48EA /* TweedTests.swift in Sources */ = {isa = PBXBuildFile; fileRef = 8614E81E1CA5F39600DF48EA /* TweedTests.swift */; };
		8614E82A1CA5F39600DF48EA /* TweedUITests.swift in Sources */ = {isa = PBXBuildFile; fileRef = 8614E8291CA5F39600DF48EA /* TweedUITests.swift */; };
		8614E83A1CA5F64000DF48EA /* DataManager.m in Sources */ = {isa = PBXBuildFile; fileRef = 8614E8391CA5F64000DF48EA /* DataManager.m */; };
		8614E83E1CA5F6EC00DF48EA /* HomeViewController.swift in Sources */ = {isa = PBXBuildFile; fileRef = 8614E83D1CA5F6EC00DF48EA /* HomeViewController.swift */; };
		86D299821CA5F87300AA8739 /* CFNetwork.framework in Frameworks */ = {isa = PBXBuildFile; fileRef = 86D2997A1CA5F87300AA8739 /* CFNetwork.framework */; };
		86D299831CA5F87300AA8739 /* Foundation.framework in Frameworks */ = {isa = PBXBuildFile; fileRef = 86D2997B1CA5F87300AA8739 /* Foundation.framework */; };
		86D299841CA5F87300AA8739 /* GameKit.framework in Frameworks */ = {isa = PBXBuildFile; fileRef = 86D2997C1CA5F87300AA8739 /* GameKit.framework */; };
		86D299851CA5F87300AA8739 /* OpenGLES.framework in Frameworks */ = {isa = PBXBuildFile; fileRef = 86D2997D1CA5F87300AA8739 /* OpenGLES.framework */; };
		86D299861CA5F87300AA8739 /* QuartzCore.framework in Frameworks */ = {isa = PBXBuildFile; fileRef = 86D2997E1CA5F87300AA8739 /* QuartzCore.framework */; };
		86D299871CA5F87300AA8739 /* Social.framework in Frameworks */ = {isa = PBXBuildFile; fileRef = 86D2997F1CA5F87300AA8739 /* Social.framework */; };
		86D299881CA5F87300AA8739 /* StoreKit.framework in Frameworks */ = {isa = PBXBuildFile; fileRef = 86D299801CA5F87300AA8739 /* StoreKit.framework */; };
		86D299891CA5F87300AA8739 /* SystemConfiguration.framework in Frameworks */ = {isa = PBXBuildFile; fileRef = 86D299811CA5F87300AA8739 /* SystemConfiguration.framework */; };
		86D2998B1CA5F88100AA8739 /* CoreData.framework in Frameworks */ = {isa = PBXBuildFile; fileRef = 86D2998A1CA5F88100AA8739 /* CoreData.framework */; };
		86D2999F1CA6094600AA8739 /* Gotham-Black.otf in Resources */ = {isa = PBXBuildFile; fileRef = 86D2998F1CA608EE00AA8739 /* Gotham-Black.otf */; };
		86D299A01CA6094600AA8739 /* Gotham-BlackItalic.otf in Resources */ = {isa = PBXBuildFile; fileRef = 86D299901CA608EE00AA8739 /* Gotham-BlackItalic.otf */; };
		86D299A11CA6094600AA8739 /* Gotham-Bold.otf in Resources */ = {isa = PBXBuildFile; fileRef = 86D299911CA608EE00AA8739 /* Gotham-Bold.otf */; };
		86D299A21CA6094600AA8739 /* Gotham-BoldItalic.otf in Resources */ = {isa = PBXBuildFile; fileRef = 86D299921CA608EE00AA8739 /* Gotham-BoldItalic.otf */; };
		86D299A31CA6094600AA8739 /* Gotham-Book.otf in Resources */ = {isa = PBXBuildFile; fileRef = 86D299931CA608EE00AA8739 /* Gotham-Book.otf */; };
		86D299A41CA6094600AA8739 /* Gotham-BookItalic.otf in Resources */ = {isa = PBXBuildFile; fileRef = 86D299941CA608EE00AA8739 /* Gotham-BookItalic.otf */; };
		86D299A51CA6094600AA8739 /* Gotham-Light.otf in Resources */ = {isa = PBXBuildFile; fileRef = 86D299951CA608EE00AA8739 /* Gotham-Light.otf */; };
		86D299A61CA6094600AA8739 /* Gotham-LightItalic.otf in Resources */ = {isa = PBXBuildFile; fileRef = 86D299961CA608EE00AA8739 /* Gotham-LightItalic.otf */; };
		86D299A71CA6094600AA8739 /* Gotham-Medium.otf in Resources */ = {isa = PBXBuildFile; fileRef = 86D299971CA608EE00AA8739 /* Gotham-Medium.otf */; };
		86D299A81CA6094600AA8739 /* Gotham-MediumItalic.otf in Resources */ = {isa = PBXBuildFile; fileRef = 86D299981CA608EE00AA8739 /* Gotham-MediumItalic.otf */; };
		86D299A91CA6094600AA8739 /* Gotham-Thin.otf in Resources */ = {isa = PBXBuildFile; fileRef = 86D299991CA608EE00AA8739 /* Gotham-Thin.otf */; };
		86D299AA1CA6094600AA8739 /* Gotham-ThinItalic.otf in Resources */ = {isa = PBXBuildFile; fileRef = 86D2999A1CA608EE00AA8739 /* Gotham-ThinItalic.otf */; };
		86D299AB1CA6094600AA8739 /* Gotham-Ultra.otf in Resources */ = {isa = PBXBuildFile; fileRef = 86D2999B1CA608EE00AA8739 /* Gotham-Ultra.otf */; };
		86D299AC1CA6094600AA8739 /* Gotham-UltraItalic.otf in Resources */ = {isa = PBXBuildFile; fileRef = 86D2999C1CA608EE00AA8739 /* Gotham-UltraItalic.otf */; };
		86D299AD1CA6094600AA8739 /* Gotham-XLight.otf in Resources */ = {isa = PBXBuildFile; fileRef = 86D2999D1CA608EE00AA8739 /* Gotham-XLight.otf */; };
		86D299AE1CA6094600AA8739 /* Gotham-XLightItalic.otf in Resources */ = {isa = PBXBuildFile; fileRef = 86D2999E1CA608EE00AA8739 /* Gotham-XLightItalic.otf */; };
		86D299B01CA609A200AA8739 /* UIFont+Tweed.swift in Sources */ = {isa = PBXBuildFile; fileRef = 86D299AF1CA609A200AA8739 /* UIFont+Tweed.swift */; };
		86D299B41CA60BA800AA8739 /* TweetTableViewCell.swift in Sources */ = {isa = PBXBuildFile; fileRef = 86D299B31CA60BA800AA8739 /* TweetTableViewCell.swift */; };
		86D299B71CA60C2100AA8739 /* UILabel+Tweed.swift in Sources */ = {isa = PBXBuildFile; fileRef = 86D299B61CA60C2100AA8739 /* UILabel+Tweed.swift */; };
		86D299B91CA60D4500AA8739 /* UIColor+Tweed.swift in Sources */ = {isa = PBXBuildFile; fileRef = 86D299B81CA60D4500AA8739 /* UIColor+Tweed.swift */; };
		86D299BB1CA7110700AA8739 /* TweedViewConstants.swift in Sources */ = {isa = PBXBuildFile; fileRef = 86D299BA1CA7110700AA8739 /* TweedViewConstants.swift */; };
		C429FE23F637B9810327BB16 /* Pods.framework in Frameworks */ = {isa = PBXBuildFile; fileRef = B808E2B0FC48822C25B15FCE /* Pods.framework */; };
/* End PBXBuildFile section */

/* Begin PBXContainerItemProxy section */
		8614E81B1CA5F39600DF48EA /* PBXContainerItemProxy */ = {
			isa = PBXContainerItemProxy;
			containerPortal = 8614E7FB1CA5F39600DF48EA /* Project object */;
			proxyType = 1;
			remoteGlobalIDString = 8614E8021CA5F39600DF48EA;
			remoteInfo = Tweed;
		};
		8614E8261CA5F39600DF48EA /* PBXContainerItemProxy */ = {
			isa = PBXContainerItemProxy;
			containerPortal = 8614E7FB1CA5F39600DF48EA /* Project object */;
			proxyType = 1;
			remoteGlobalIDString = 8614E8021CA5F39600DF48EA;
			remoteInfo = Tweed;
		};
/* End PBXContainerItemProxy section */

/* Begin PBXFileReference section */
		469926E8651BA05D3730C395 /* Pods.release.xcconfig */ = {isa = PBXFileReference; includeInIndex = 1; lastKnownFileType = text.xcconfig; name = Pods.release.xcconfig; path = "Pods/Target Support Files/Pods/Pods.release.xcconfig"; sourceTree = "<group>"; };
		8614E8031CA5F39600DF48EA /* Tweed.app */ = {isa = PBXFileReference; explicitFileType = wrapper.application; includeInIndex = 0; path = Tweed.app; sourceTree = BUILT_PRODUCTS_DIR; };
		8614E8061CA5F39600DF48EA /* AppDelegate.swift */ = {isa = PBXFileReference; lastKnownFileType = sourcecode.swift; path = AppDelegate.swift; sourceTree = "<group>"; };
		8614E80E1CA5F39600DF48EA /* Tweed.xcdatamodel */ = {isa = PBXFileReference; lastKnownFileType = wrapper.xcdatamodel; path = Tweed.xcdatamodel; sourceTree = "<group>"; };
		8614E8101CA5F39600DF48EA /* Assets.xcassets */ = {isa = PBXFileReference; lastKnownFileType = folder.assetcatalog; path = Assets.xcassets; sourceTree = "<group>"; };
		8614E8131CA5F39600DF48EA /* Base */ = {isa = PBXFileReference; lastKnownFileType = file.storyboard; name = Base; path = Base.lproj/LaunchScreen.storyboard; sourceTree = "<group>"; };
		8614E8151CA5F39600DF48EA /* Info.plist */ = {isa = PBXFileReference; lastKnownFileType = text.plist.xml; path = Info.plist; sourceTree = "<group>"; };
		8614E81A1CA5F39600DF48EA /* TweedTests.xctest */ = {isa = PBXFileReference; explicitFileType = wrapper.cfbundle; includeInIndex = 0; path = TweedTests.xctest; sourceTree = BUILT_PRODUCTS_DIR; };
		8614E81E1CA5F39600DF48EA /* TweedTests.swift */ = {isa = PBXFileReference; lastKnownFileType = sourcecode.swift; path = TweedTests.swift; sourceTree = "<group>"; };
		8614E8201CA5F39600DF48EA /* Info.plist */ = {isa = PBXFileReference; lastKnownFileType = text.plist.xml; path = Info.plist; sourceTree = "<group>"; };
		8614E8251CA5F39600DF48EA /* TweedUITests.xctest */ = {isa = PBXFileReference; explicitFileType = wrapper.cfbundle; includeInIndex = 0; path = TweedUITests.xctest; sourceTree = BUILT_PRODUCTS_DIR; };
		8614E8291CA5F39600DF48EA /* TweedUITests.swift */ = {isa = PBXFileReference; lastKnownFileType = sourcecode.swift; path = TweedUITests.swift; sourceTree = "<group>"; };
		8614E82B1CA5F39600DF48EA /* Info.plist */ = {isa = PBXFileReference; lastKnownFileType = text.plist.xml; path = Info.plist; sourceTree = "<group>"; };
		8614E8371CA5F63F00DF48EA /* Tweed-Bridging-Header.h */ = {isa = PBXFileReference; lastKnownFileType = sourcecode.c.h; path = "Tweed-Bridging-Header.h"; sourceTree = "<group>"; };
		8614E8381CA5F64000DF48EA /* DataManager.h */ = {isa = PBXFileReference; fileEncoding = 4; lastKnownFileType = sourcecode.c.h; path = DataManager.h; sourceTree = "<group>"; };
		8614E8391CA5F64000DF48EA /* DataManager.m */ = {isa = PBXFileReference; fileEncoding = 4; lastKnownFileType = sourcecode.c.objc; path = DataManager.m; sourceTree = "<group>"; };
		8614E83D1CA5F6EC00DF48EA /* HomeViewController.swift */ = {isa = PBXFileReference; fileEncoding = 4; lastKnownFileType = sourcecode.swift; path = HomeViewController.swift; sourceTree = "<group>"; };
		86D2997A1CA5F87300AA8739 /* CFNetwork.framework */ = {isa = PBXFileReference; lastKnownFileType = wrapper.framework; name = CFNetwork.framework; path = System/Library/Frameworks/CFNetwork.framework; sourceTree = SDKROOT; };
		86D2997B1CA5F87300AA8739 /* Foundation.framework */ = {isa = PBXFileReference; lastKnownFileType = wrapper.framework; name = Foundation.framework; path = System/Library/Frameworks/Foundation.framework; sourceTree = SDKROOT; };
		86D2997C1CA5F87300AA8739 /* GameKit.framework */ = {isa = PBXFileReference; lastKnownFileType = wrapper.framework; name = GameKit.framework; path = System/Library/Frameworks/GameKit.framework; sourceTree = SDKROOT; };
		86D2997D1CA5F87300AA8739 /* OpenGLES.framework */ = {isa = PBXFileReference; lastKnownFileType = wrapper.framework; name = OpenGLES.framework; path = System/Library/Frameworks/OpenGLES.framework; sourceTree = SDKROOT; };
		86D2997E1CA5F87300AA8739 /* QuartzCore.framework */ = {isa = PBXFileReference; lastKnownFileType = wrapper.framework; name = QuartzCore.framework; path = System/Library/Frameworks/QuartzCore.framework; sourceTree = SDKROOT; };
		86D2997F1CA5F87300AA8739 /* Social.framework */ = {isa = PBXFileReference; lastKnownFileType = wrapper.framework; name = Social.framework; path = System/Library/Frameworks/Social.framework; sourceTree = SDKROOT; };
		86D299801CA5F87300AA8739 /* StoreKit.framework */ = {isa = PBXFileReference; lastKnownFileType = wrapper.framework; name = StoreKit.framework; path = System/Library/Frameworks/StoreKit.framework; sourceTree = SDKROOT; };
		86D299811CA5F87300AA8739 /* SystemConfiguration.framework */ = {isa = PBXFileReference; lastKnownFileType = wrapper.framework; name = SystemConfiguration.framework; path = System/Library/Frameworks/SystemConfiguration.framework; sourceTree = SDKROOT; };
		86D2998A1CA5F88100AA8739 /* CoreData.framework */ = {isa = PBXFileReference; lastKnownFileType = wrapper.framework; name = CoreData.framework; path = System/Library/Frameworks/CoreData.framework; sourceTree = SDKROOT; };
		86D2998F1CA608EE00AA8739 /* Gotham-Black.otf */ = {isa = PBXFileReference; lastKnownFileType = file; path = "Gotham-Black.otf"; sourceTree = "<group>"; };
		86D299901CA608EE00AA8739 /* Gotham-BlackItalic.otf */ = {isa = PBXFileReference; lastKnownFileType = file; path = "Gotham-BlackItalic.otf"; sourceTree = "<group>"; };
		86D299911CA608EE00AA8739 /* Gotham-Bold.otf */ = {isa = PBXFileReference; lastKnownFileType = file; path = "Gotham-Bold.otf"; sourceTree = "<group>"; };
		86D299921CA608EE00AA8739 /* Gotham-BoldItalic.otf */ = {isa = PBXFileReference; lastKnownFileType = file; path = "Gotham-BoldItalic.otf"; sourceTree = "<group>"; };
		86D299931CA608EE00AA8739 /* Gotham-Book.otf */ = {isa = PBXFileReference; lastKnownFileType = file; path = "Gotham-Book.otf"; sourceTree = "<group>"; };
		86D299941CA608EE00AA8739 /* Gotham-BookItalic.otf */ = {isa = PBXFileReference; lastKnownFileType = file; path = "Gotham-BookItalic.otf"; sourceTree = "<group>"; };
		86D299951CA608EE00AA8739 /* Gotham-Light.otf */ = {isa = PBXFileReference; lastKnownFileType = file; path = "Gotham-Light.otf"; sourceTree = "<group>"; };
		86D299961CA608EE00AA8739 /* Gotham-LightItalic.otf */ = {isa = PBXFileReference; lastKnownFileType = file; path = "Gotham-LightItalic.otf"; sourceTree = "<group>"; };
		86D299971CA608EE00AA8739 /* Gotham-Medium.otf */ = {isa = PBXFileReference; lastKnownFileType = file; path = "Gotham-Medium.otf"; sourceTree = "<group>"; };
		86D299981CA608EE00AA8739 /* Gotham-MediumItalic.otf */ = {isa = PBXFileReference; lastKnownFileType = file; path = "Gotham-MediumItalic.otf"; sourceTree = "<group>"; };
		86D299991CA608EE00AA8739 /* Gotham-Thin.otf */ = {isa = PBXFileReference; lastKnownFileType = file; path = "Gotham-Thin.otf"; sourceTree = "<group>"; };
		86D2999A1CA608EE00AA8739 /* Gotham-ThinItalic.otf */ = {isa = PBXFileReference; lastKnownFileType = file; path = "Gotham-ThinItalic.otf"; sourceTree = "<group>"; };
		86D2999B1CA608EE00AA8739 /* Gotham-Ultra.otf */ = {isa = PBXFileReference; lastKnownFileType = file; path = "Gotham-Ultra.otf"; sourceTree = "<group>"; };
		86D2999C1CA608EE00AA8739 /* Gotham-UltraItalic.otf */ = {isa = PBXFileReference; lastKnownFileType = file; path = "Gotham-UltraItalic.otf"; sourceTree = "<group>"; };
		86D2999D1CA608EE00AA8739 /* Gotham-XLight.otf */ = {isa = PBXFileReference; lastKnownFileType = file; path = "Gotham-XLight.otf"; sourceTree = "<group>"; };
		86D2999E1CA608EE00AA8739 /* Gotham-XLightItalic.otf */ = {isa = PBXFileReference; lastKnownFileType = file; path = "Gotham-XLightItalic.otf"; sourceTree = "<group>"; };
		86D299AF1CA609A200AA8739 /* UIFont+Tweed.swift */ = {isa = PBXFileReference; fileEncoding = 4; lastKnownFileType = sourcecode.swift; path = "UIFont+Tweed.swift"; sourceTree = "<group>"; };
		86D299B31CA60BA800AA8739 /* TweetTableViewCell.swift */ = {isa = PBXFileReference; fileEncoding = 4; lastKnownFileType = sourcecode.swift; path = TweetTableViewCell.swift; sourceTree = "<group>"; };
		86D299B61CA60C2100AA8739 /* UILabel+Tweed.swift */ = {isa = PBXFileReference; fileEncoding = 4; lastKnownFileType = sourcecode.swift; path = "UILabel+Tweed.swift"; sourceTree = "<group>"; };
		86D299B81CA60D4500AA8739 /* UIColor+Tweed.swift */ = {isa = PBXFileReference; fileEncoding = 4; lastKnownFileType = sourcecode.swift; path = "UIColor+Tweed.swift"; sourceTree = "<group>"; };
		86D299BA1CA7110700AA8739 /* TweedViewConstants.swift */ = {isa = PBXFileReference; fileEncoding = 4; lastKnownFileType = sourcecode.swift; path = TweedViewConstants.swift; sourceTree = "<group>"; };
		B808E2B0FC48822C25B15FCE /* Pods.framework */ = {isa = PBXFileReference; explicitFileType = wrapper.framework; includeInIndex = 0; path = Pods.framework; sourceTree = BUILT_PRODUCTS_DIR; };
		C8015E868E43487347046249 /* Pods.debug.xcconfig */ = {isa = PBXFileReference; includeInIndex = 1; lastKnownFileType = text.xcconfig; name = Pods.debug.xcconfig; path = "Pods/Target Support Files/Pods/Pods.debug.xcconfig"; sourceTree = "<group>"; };
/* End PBXFileReference section */

/* Begin PBXFrameworksBuildPhase section */
		8614E8001CA5F39600DF48EA /* Frameworks */ = {
			isa = PBXFrameworksBuildPhase;
			buildActionMask = 2147483647;
			files = (
				86D2998B1CA5F88100AA8739 /* CoreData.framework in Frameworks */,
				86D299821CA5F87300AA8739 /* CFNetwork.framework in Frameworks */,
				86D299831CA5F87300AA8739 /* Foundation.framework in Frameworks */,
				86D299841CA5F87300AA8739 /* GameKit.framework in Frameworks */,
				86D299851CA5F87300AA8739 /* OpenGLES.framework in Frameworks */,
				86D299861CA5F87300AA8739 /* QuartzCore.framework in Frameworks */,
				86D299871CA5F87300AA8739 /* Social.framework in Frameworks */,
				86D299881CA5F87300AA8739 /* StoreKit.framework in Frameworks */,
				86D299891CA5F87300AA8739 /* SystemConfiguration.framework in Frameworks */,
				C429FE23F637B9810327BB16 /* Pods.framework in Frameworks */,
			);
			runOnlyForDeploymentPostprocessing = 0;
		};
		8614E8171CA5F39600DF48EA /* Frameworks */ = {
			isa = PBXFrameworksBuildPhase;
			buildActionMask = 2147483647;
			files = (
			);
			runOnlyForDeploymentPostprocessing = 0;
		};
		8614E8221CA5F39600DF48EA /* Frameworks */ = {
			isa = PBXFrameworksBuildPhase;
			buildActionMask = 2147483647;
			files = (
			);
			runOnlyForDeploymentPostprocessing = 0;
		};
/* End PBXFrameworksBuildPhase section */

/* Begin PBXGroup section */
		02B1A293E1DF4DACC06AEA2E /* Pods */ = {
			isa = PBXGroup;
			children = (
				C8015E868E43487347046249 /* Pods.debug.xcconfig */,
				469926E8651BA05D3730C395 /* Pods.release.xcconfig */,
			);
			name = Pods;
			sourceTree = "<group>";
		};
		8614E7FA1CA5F39600DF48EA = {
			isa = PBXGroup;
			children = (
				8614E8051CA5F39600DF48EA /* Tweed */,
				8614E81D1CA5F39600DF48EA /* TweedTests */,
				8614E8281CA5F39600DF48EA /* TweedUITests */,
				8614E8041CA5F39600DF48EA /* Products */,
				02B1A293E1DF4DACC06AEA2E /* Pods */,
				E88152B23AB8FC9772C3D7B9 /* Frameworks */,
			);
			sourceTree = "<group>";
		};
		8614E8041CA5F39600DF48EA /* Products */ = {
			isa = PBXGroup;
			children = (
				8614E8031CA5F39600DF48EA /* Tweed.app */,
				8614E81A1CA5F39600DF48EA /* TweedTests.xctest */,
				8614E8251CA5F39600DF48EA /* TweedUITests.xctest */,
			);
			name = Products;
			sourceTree = "<group>";
		};
		8614E8051CA5F39600DF48EA /* Tweed */ = {
			isa = PBXGroup;
			children = (
				86D299B51CA60C0D00AA8739 /* Extensions */,
				86D299B11CA60B5700AA8739 /* View Controllers */,
				8614E8061CA5F39600DF48EA /* AppDelegate.swift */,
				86D2998C1CA608A200AA8739 /* Resources */,
				8614E83C1CA5F65800DF48EA /* Core Data */,
			);
			path = Tweed;
			sourceTree = "<group>";
		};
		8614E81D1CA5F39600DF48EA /* TweedTests */ = {
			isa = PBXGroup;
			children = (
				8614E81E1CA5F39600DF48EA /* TweedTests.swift */,
				8614E8201CA5F39600DF48EA /* Info.plist */,
			);
			path = TweedTests;
			sourceTree = "<group>";
		};
		8614E8281CA5F39600DF48EA /* TweedUITests */ = {
			isa = PBXGroup;
			children = (
				8614E8291CA5F39600DF48EA /* TweedUITests.swift */,
				8614E82B1CA5F39600DF48EA /* Info.plist */,
			);
			path = TweedUITests;
			sourceTree = "<group>";
		};
		8614E83C1CA5F65800DF48EA /* Core Data */ = {
			isa = PBXGroup;
			children = (
				8614E8381CA5F64000DF48EA /* DataManager.h */,
				8614E8391CA5F64000DF48EA /* DataManager.m */,
				8614E80D1CA5F39600DF48EA /* Tweed.xcdatamodeld */,
			);
			name = "Core Data";
			sourceTree = "<group>";
		};
		86D2998C1CA608A200AA8739 /* Resources */ = {
			isa = PBXGroup;
			children = (
				86D2998E1CA608C400AA8739 /* Fonts */,
				86D2998D1CA608BB00AA8739 /* Icons */,
				8614E8101CA5F39600DF48EA /* Assets.xcassets */,
				8614E8121CA5F39600DF48EA /* LaunchScreen.storyboard */,
				8614E8151CA5F39600DF48EA /* Info.plist */,
				8614E8371CA5F63F00DF48EA /* Tweed-Bridging-Header.h */,
			);
			name = Resources;
			sourceTree = "<group>";
		};
		86D2998D1CA608BB00AA8739 /* Icons */ = {
			isa = PBXGroup;
			children = (
			);
			name = Icons;
			sourceTree = "<group>";
		};
		86D2998E1CA608C400AA8739 /* Fonts */ = {
			isa = PBXGroup;
			children = (
				86D2998F1CA608EE00AA8739 /* Gotham-Black.otf */,
				86D299901CA608EE00AA8739 /* Gotham-BlackItalic.otf */,
				86D299911CA608EE00AA8739 /* Gotham-Bold.otf */,
				86D299921CA608EE00AA8739 /* Gotham-BoldItalic.otf */,
				86D299931CA608EE00AA8739 /* Gotham-Book.otf */,
				86D299941CA608EE00AA8739 /* Gotham-BookItalic.otf */,
				86D299951CA608EE00AA8739 /* Gotham-Light.otf */,
				86D299961CA608EE00AA8739 /* Gotham-LightItalic.otf */,
				86D299971CA608EE00AA8739 /* Gotham-Medium.otf */,
				86D299981CA608EE00AA8739 /* Gotham-MediumItalic.otf */,
				86D299991CA608EE00AA8739 /* Gotham-Thin.otf */,
				86D2999A1CA608EE00AA8739 /* Gotham-ThinItalic.otf */,
				86D2999B1CA608EE00AA8739 /* Gotham-Ultra.otf */,
				86D2999C1CA608EE00AA8739 /* Gotham-UltraItalic.otf */,
				86D2999D1CA608EE00AA8739 /* Gotham-XLight.otf */,
				86D2999E1CA608EE00AA8739 /* Gotham-XLightItalic.otf */,
			);
			name = Fonts;
			sourceTree = "<group>";
		};
		86D299B11CA60B5700AA8739 /* View Controllers */ = {
			isa = PBXGroup;
			children = (
				86D299B21CA60B6400AA8739 /* Home */,
			);
			name = "View Controllers";
			sourceTree = "<group>";
		};
		86D299B21CA60B6400AA8739 /* Home */ = {
			isa = PBXGroup;
			children = (
				8614E83D1CA5F6EC00DF48EA /* HomeViewController.swift */,
				86D299B31CA60BA800AA8739 /* TweetTableViewCell.swift */,
				86D299BA1CA7110700AA8739 /* TweedViewConstants.swift */,
			);
			name = Home;
			sourceTree = "<group>";
		};
		86D299B51CA60C0D00AA8739 /* Extensions */ = {
			isa = PBXGroup;
			children = (
				86D299AF1CA609A200AA8739 /* UIFont+Tweed.swift */,
				86D299B61CA60C2100AA8739 /* UILabel+Tweed.swift */,
				86D299B81CA60D4500AA8739 /* UIColor+Tweed.swift */,
			);
			name = Extensions;
			sourceTree = "<group>";
		};
		E88152B23AB8FC9772C3D7B9 /* Frameworks */ = {
			isa = PBXGroup;
			children = (
				86D2998A1CA5F88100AA8739 /* CoreData.framework */,
				86D2997A1CA5F87300AA8739 /* CFNetwork.framework */,
				86D2997B1CA5F87300AA8739 /* Foundation.framework */,
				86D2997C1CA5F87300AA8739 /* GameKit.framework */,
				86D2997D1CA5F87300AA8739 /* OpenGLES.framework */,
				86D2997E1CA5F87300AA8739 /* QuartzCore.framework */,
				86D2997F1CA5F87300AA8739 /* Social.framework */,
				86D299801CA5F87300AA8739 /* StoreKit.framework */,
				86D299811CA5F87300AA8739 /* SystemConfiguration.framework */,
				B808E2B0FC48822C25B15FCE /* Pods.framework */,
			);
			name = Frameworks;
			sourceTree = "<group>";
		};
/* End PBXGroup section */

/* Begin PBXNativeTarget section */
		8614E8021CA5F39600DF48EA /* Tweed */ = {
			isa = PBXNativeTarget;
			buildConfigurationList = 8614E82E1CA5F39600DF48EA /* Build configuration list for PBXNativeTarget "Tweed" */;
			buildPhases = (
				D04D4941235A9C99132FA5F7 /* Check Pods Manifest.lock */,
				8614E7FF1CA5F39600DF48EA /* Sources */,
				8614E8001CA5F39600DF48EA /* Frameworks */,
				8614E8011CA5F39600DF48EA /* Resources */,
				9654827650C04C01C39CC91C /* Embed Pods Frameworks */,
				07FBA5BB4DC3001D4206157E /* Copy Pods Resources */,
			);
			buildRules = (
			);
			dependencies = (
			);
			name = Tweed;
			productName = Tweed;
			productReference = 8614E8031CA5F39600DF48EA /* Tweed.app */;
			productType = "com.apple.product-type.application";
		};
		8614E8191CA5F39600DF48EA /* TweedTests */ = {
			isa = PBXNativeTarget;
			buildConfigurationList = 8614E8311CA5F39600DF48EA /* Build configuration list for PBXNativeTarget "TweedTests" */;
			buildPhases = (
				8614E8161CA5F39600DF48EA /* Sources */,
				8614E8171CA5F39600DF48EA /* Frameworks */,
				8614E8181CA5F39600DF48EA /* Resources */,
			);
			buildRules = (
			);
			dependencies = (
				8614E81C1CA5F39600DF48EA /* PBXTargetDependency */,
			);
			name = TweedTests;
			productName = TweedTests;
			productReference = 8614E81A1CA5F39600DF48EA /* TweedTests.xctest */;
			productType = "com.apple.product-type.bundle.unit-test";
		};
		8614E8241CA5F39600DF48EA /* TweedUITests */ = {
			isa = PBXNativeTarget;
			buildConfigurationList = 8614E8341CA5F39600DF48EA /* Build configuration list for PBXNativeTarget "TweedUITests" */;
			buildPhases = (
				8614E8211CA5F39600DF48EA /* Sources */,
				8614E8221CA5F39600DF48EA /* Frameworks */,
				8614E8231CA5F39600DF48EA /* Resources */,
			);
			buildRules = (
			);
			dependencies = (
				8614E8271CA5F39600DF48EA /* PBXTargetDependency */,
			);
			name = TweedUITests;
			productName = TweedUITests;
			productReference = 8614E8251CA5F39600DF48EA /* TweedUITests.xctest */;
			productType = "com.apple.product-type.bundle.ui-testing";
		};
/* End PBXNativeTarget section */

/* Begin PBXProject section */
		8614E7FB1CA5F39600DF48EA /* Project object */ = {
			isa = PBXProject;
			attributes = {
				LastSwiftUpdateCheck = 0720;
				LastUpgradeCheck = 0720;
				ORGANIZATIONNAME = "Zachary Saraf";
				TargetAttributes = {
					8614E8021CA5F39600DF48EA = {
						CreatedOnToolsVersion = 7.2.1;
					};
					8614E8191CA5F39600DF48EA = {
						CreatedOnToolsVersion = 7.2.1;
						TestTargetID = 8614E8021CA5F39600DF48EA;
					};
					8614E8241CA5F39600DF48EA = {
						CreatedOnToolsVersion = 7.2.1;
						TestTargetID = 8614E8021CA5F39600DF48EA;
					};
				};
			};
			buildConfigurationList = 8614E7FE1CA5F39600DF48EA /* Build configuration list for PBXProject "Tweed" */;
			compatibilityVersion = "Xcode 3.2";
			developmentRegion = English;
			hasScannedForEncodings = 0;
			knownRegions = (
				en,
				Base,
			);
			mainGroup = 8614E7FA1CA5F39600DF48EA;
			productRefGroup = 8614E8041CA5F39600DF48EA /* Products */;
			projectDirPath = "";
			projectRoot = "";
			targets = (
				8614E8021CA5F39600DF48EA /* Tweed */,
				8614E8191CA5F39600DF48EA /* TweedTests */,
				8614E8241CA5F39600DF48EA /* TweedUITests */,
			);
		};
/* End PBXProject section */

/* Begin PBXResourcesBuildPhase section */
		8614E8011CA5F39600DF48EA /* Resources */ = {
			isa = PBXResourcesBuildPhase;
			buildActionMask = 2147483647;
			files = (
				86D2999F1CA6094600AA8739 /* Gotham-Black.otf in Resources */,
				86D299A01CA6094600AA8739 /* Gotham-BlackItalic.otf in Resources */,
				86D299A11CA6094600AA8739 /* Gotham-Bold.otf in Resources */,
				86D299A21CA6094600AA8739 /* Gotham-BoldItalic.otf in Resources */,
				86D299A31CA6094600AA8739 /* Gotham-Book.otf in Resources */,
				86D299A41CA6094600AA8739 /* Gotham-BookItalic.otf in Resources */,
				86D299A51CA6094600AA8739 /* Gotham-Light.otf in Resources */,
				86D299A61CA6094600AA8739 /* Gotham-LightItalic.otf in Resources */,
				86D299A71CA6094600AA8739 /* Gotham-Medium.otf in Resources */,
				86D299A81CA6094600AA8739 /* Gotham-MediumItalic.otf in Resources */,
				86D299A91CA6094600AA8739 /* Gotham-Thin.otf in Resources */,
				86D299AA1CA6094600AA8739 /* Gotham-ThinItalic.otf in Resources */,
				86D299AB1CA6094600AA8739 /* Gotham-Ultra.otf in Resources */,
				86D299AC1CA6094600AA8739 /* Gotham-UltraItalic.otf in Resources */,
				86D299AD1CA6094600AA8739 /* Gotham-XLight.otf in Resources */,
				86D299AE1CA6094600AA8739 /* Gotham-XLightItalic.otf in Resources */,
				8614E8141CA5F39600DF48EA /* LaunchScreen.storyboard in Resources */,
				8614E8111CA5F39600DF48EA /* Assets.xcassets in Resources */,
			);
			runOnlyForDeploymentPostprocessing = 0;
		};
		8614E8181CA5F39600DF48EA /* Resources */ = {
			isa = PBXResourcesBuildPhase;
			buildActionMask = 2147483647;
			files = (
			);
			runOnlyForDeploymentPostprocessing = 0;
		};
		8614E8231CA5F39600DF48EA /* Resources */ = {
			isa = PBXResourcesBuildPhase;
			buildActionMask = 2147483647;
			files = (
			);
			runOnlyForDeploymentPostprocessing = 0;
		};
/* End PBXResourcesBuildPhase section */

/* Begin PBXShellScriptBuildPhase section */
		07FBA5BB4DC3001D4206157E /* Copy Pods Resources */ = {
			isa = PBXShellScriptBuildPhase;
			buildActionMask = 2147483647;
			files = (
			);
			inputPaths = (
			);
			name = "Copy Pods Resources";
			outputPaths = (
			);
			runOnlyForDeploymentPostprocessing = 0;
			shellPath = /bin/sh;
			shellScript = "\"${SRCROOT}/Pods/Target Support Files/Pods/Pods-resources.sh\"\n";
			showEnvVarsInLog = 0;
		};
		9654827650C04C01C39CC91C /* Embed Pods Frameworks */ = {
			isa = PBXShellScriptBuildPhase;
			buildActionMask = 2147483647;
			files = (
			);
			inputPaths = (
			);
			name = "Embed Pods Frameworks";
			outputPaths = (
			);
			runOnlyForDeploymentPostprocessing = 0;
			shellPath = /bin/sh;
			shellScript = "\"${SRCROOT}/Pods/Target Support Files/Pods/Pods-frameworks.sh\"\n";
			showEnvVarsInLog = 0;
		};
		D04D4941235A9C99132FA5F7 /* Check Pods Manifest.lock */ = {
			isa = PBXShellScriptBuildPhase;
			buildActionMask = 2147483647;
			files = (
			);
			inputPaths = (
			);
			name = "Check Pods Manifest.lock";
			outputPaths = (
			);
			runOnlyForDeploymentPostprocessing = 0;
			shellPath = /bin/sh;
			shellScript = "diff \"${PODS_ROOT}/../Podfile.lock\" \"${PODS_ROOT}/Manifest.lock\" > /dev/null\nif [[ $? != 0 ]] ; then\n    cat << EOM\nerror: The sandbox is not in sync with the Podfile.lock. Run 'pod install' or update your CocoaPods installation.\nEOM\n    exit 1\nfi\n";
			showEnvVarsInLog = 0;
		};
/* End PBXShellScriptBuildPhase section */

/* Begin PBXSourcesBuildPhase section */
		8614E7FF1CA5F39600DF48EA /* Sources */ = {
			isa = PBXSourcesBuildPhase;
			buildActionMask = 2147483647;
			files = (
				8614E83E1CA5F6EC00DF48EA /* HomeViewController.swift in Sources */,
				8614E80F1CA5F39600DF48EA /* Tweed.xcdatamodeld in Sources */,
				8614E83A1CA5F64000DF48EA /* DataManager.m in Sources */,
				86D299B71CA60C2100AA8739 /* UILabel+Tweed.swift in Sources */,
				86D299B01CA609A200AA8739 /* UIFont+Tweed.swift in Sources */,
				8614E8071CA5F39600DF48EA /* AppDelegate.swift in Sources */,
				86D299B41CA60BA800AA8739 /* TweetTableViewCell.swift in Sources */,
				86D299B91CA60D4500AA8739 /* UIColor+Tweed.swift in Sources */,
				86D299BB1CA7110700AA8739 /* TweedViewConstants.swift in Sources */,
			);
			runOnlyForDeploymentPostprocessing = 0;
		};
		8614E8161CA5F39600DF48EA /* Sources */ = {
			isa = PBXSourcesBuildPhase;
			buildActionMask = 2147483647;
			files = (
				8614E81F1CA5F39600DF48EA /* TweedTests.swift in Sources */,
			);
			runOnlyForDeploymentPostprocessing = 0;
		};
		8614E8211CA5F39600DF48EA /* Sources */ = {
			isa = PBXSourcesBuildPhase;
			buildActionMask = 2147483647;
			files = (
				8614E82A1CA5F39600DF48EA /* TweedUITests.swift in Sources */,
			);
			runOnlyForDeploymentPostprocessing = 0;
		};
/* End PBXSourcesBuildPhase section */

/* Begin PBXTargetDependency section */
		8614E81C1CA5F39600DF48EA /* PBXTargetDependency */ = {
			isa = PBXTargetDependency;
			target = 8614E8021CA5F39600DF48EA /* Tweed */;
			targetProxy = 8614E81B1CA5F39600DF48EA /* PBXContainerItemProxy */;
		};
		8614E8271CA5F39600DF48EA /* PBXTargetDependency */ = {
			isa = PBXTargetDependency;
			target = 8614E8021CA5F39600DF48EA /* Tweed */;
			targetProxy = 8614E8261CA5F39600DF48EA /* PBXContainerItemProxy */;
		};
/* End PBXTargetDependency section */

/* Begin PBXVariantGroup section */
		8614E8121CA5F39600DF48EA /* LaunchScreen.storyboard */ = {
			isa = PBXVariantGroup;
			children = (
				8614E8131CA5F39600DF48EA /* Base */,
			);
			name = LaunchScreen.storyboard;
			sourceTree = "<group>";
		};
/* End PBXVariantGroup section */

/* Begin XCBuildConfiguration section */
		8614E82C1CA5F39600DF48EA /* Debug */ = {
			isa = XCBuildConfiguration;
			buildSettings = {
				ALWAYS_SEARCH_USER_PATHS = NO;
				CLANG_CXX_LANGUAGE_STANDARD = "gnu++0x";
				CLANG_CXX_LIBRARY = "libc++";
				CLANG_ENABLE_MODULES = YES;
				CLANG_ENABLE_OBJC_ARC = YES;
				CLANG_WARN_BOOL_CONVERSION = YES;
				CLANG_WARN_CONSTANT_CONVERSION = YES;
				CLANG_WARN_DIRECT_OBJC_ISA_USAGE = YES_ERROR;
				CLANG_WARN_EMPTY_BODY = YES;
				CLANG_WARN_ENUM_CONVERSION = YES;
				CLANG_WARN_INT_CONVERSION = YES;
				CLANG_WARN_OBJC_ROOT_CLASS = YES_ERROR;
				CLANG_WARN_UNREACHABLE_CODE = YES;
				CLANG_WARN__DUPLICATE_METHOD_MATCH = YES;
				"CODE_SIGN_IDENTITY[sdk=iphoneos*]" = "iPhone Developer";
				COPY_PHASE_STRIP = NO;
				DEBUG_INFORMATION_FORMAT = dwarf;
				ENABLE_STRICT_OBJC_MSGSEND = YES;
				ENABLE_TESTABILITY = YES;
				GCC_C_LANGUAGE_STANDARD = gnu99;
				GCC_DYNAMIC_NO_PIC = NO;
				GCC_NO_COMMON_BLOCKS = YES;
				GCC_OPTIMIZATION_LEVEL = 0;
				GCC_PREPROCESSOR_DEFINITIONS = (
					"DEBUG=1",
					"$(inherited)",
				);
				GCC_WARN_64_TO_32_BIT_CONVERSION = YES;
				GCC_WARN_ABOUT_RETURN_TYPE = YES_ERROR;
				GCC_WARN_UNDECLARED_SELECTOR = YES;
				GCC_WARN_UNINITIALIZED_AUTOS = YES_AGGRESSIVE;
				GCC_WARN_UNUSED_FUNCTION = YES;
				GCC_WARN_UNUSED_VARIABLE = YES;
				IPHONEOS_DEPLOYMENT_TARGET = 9.2;
				MTL_ENABLE_DEBUG_INFO = YES;
				ONLY_ACTIVE_ARCH = YES;
				SDKROOT = iphoneos;
				SWIFT_OPTIMIZATION_LEVEL = "-Onone";
			};
			name = Debug;
		};
		8614E82D1CA5F39600DF48EA /* Release */ = {
			isa = XCBuildConfiguration;
			buildSettings = {
				ALWAYS_SEARCH_USER_PATHS = NO;
				CLANG_CXX_LANGUAGE_STANDARD = "gnu++0x";
				CLANG_CXX_LIBRARY = "libc++";
				CLANG_ENABLE_MODULES = YES;
				CLANG_ENABLE_OBJC_ARC = YES;
				CLANG_WARN_BOOL_CONVERSION = YES;
				CLANG_WARN_CONSTANT_CONVERSION = YES;
				CLANG_WARN_DIRECT_OBJC_ISA_USAGE = YES_ERROR;
				CLANG_WARN_EMPTY_BODY = YES;
				CLANG_WARN_ENUM_CONVERSION = YES;
				CLANG_WARN_INT_CONVERSION = YES;
				CLANG_WARN_OBJC_ROOT_CLASS = YES_ERROR;
				CLANG_WARN_UNREACHABLE_CODE = YES;
				CLANG_WARN__DUPLICATE_METHOD_MATCH = YES;
				"CODE_SIGN_IDENTITY[sdk=iphoneos*]" = "iPhone Developer";
				COPY_PHASE_STRIP = NO;
				DEBUG_INFORMATION_FORMAT = "dwarf-with-dsym";
				ENABLE_NS_ASSERTIONS = NO;
				ENABLE_STRICT_OBJC_MSGSEND = YES;
				GCC_C_LANGUAGE_STANDARD = gnu99;
				GCC_NO_COMMON_BLOCKS = YES;
				GCC_WARN_64_TO_32_BIT_CONVERSION = YES;
				GCC_WARN_ABOUT_RETURN_TYPE = YES_ERROR;
				GCC_WARN_UNDECLARED_SELECTOR = YES;
				GCC_WARN_UNINITIALIZED_AUTOS = YES_AGGRESSIVE;
				GCC_WARN_UNUSED_FUNCTION = YES;
				GCC_WARN_UNUSED_VARIABLE = YES;
				IPHONEOS_DEPLOYMENT_TARGET = 9.2;
				MTL_ENABLE_DEBUG_INFO = NO;
				SDKROOT = iphoneos;
				VALIDATE_PRODUCT = YES;
			};
			name = Release;
		};
		8614E82F1CA5F39600DF48EA /* Debug */ = {
			isa = XCBuildConfiguration;
			baseConfigurationReference = C8015E868E43487347046249 /* Pods.debug.xcconfig */;
			buildSettings = {
				ASSETCATALOG_COMPILER_APPICON_NAME = AppIcon;
				CLANG_ENABLE_MODULES = YES;
				INFOPLIST_FILE = Tweed/Info.plist;
				LD_RUNPATH_SEARCH_PATHS = "$(inherited) @executable_path/Frameworks";
				PRODUCT_BUNDLE_IDENTIFIER = vanfordinc.Tweed;
				PRODUCT_NAME = "$(TARGET_NAME)";
				SWIFT_OBJC_BRIDGING_HEADER = "Tweed/Tweed-Bridging-Header.h";
				SWIFT_OPTIMIZATION_LEVEL = "-Onone";
			};
			name = Debug;
		};
		8614E8301CA5F39600DF48EA /* Release */ = {
			isa = XCBuildConfiguration;
			baseConfigurationReference = 469926E8651BA05D3730C395 /* Pods.release.xcconfig */;
			buildSettings = {
				ASSETCATALOG_COMPILER_APPICON_NAME = AppIcon;
				CLANG_ENABLE_MODULES = YES;
				INFOPLIST_FILE = Tweed/Info.plist;
				LD_RUNPATH_SEARCH_PATHS = "$(inherited) @executable_path/Frameworks";
				PRODUCT_BUNDLE_IDENTIFIER = vanfordinc.Tweed;
				PRODUCT_NAME = "$(TARGET_NAME)";
				SWIFT_OBJC_BRIDGING_HEADER = "Tweed/Tweed-Bridging-Header.h";
			};
			name = Release;
		};
		8614E8321CA5F39600DF48EA /* Debug */ = {
			isa = XCBuildConfiguration;
			buildSettings = {
				BUNDLE_LOADER = "$(TEST_HOST)";
				INFOPLIST_FILE = TweedTests/Info.plist;
				LD_RUNPATH_SEARCH_PATHS = "$(inherited) @executable_path/Frameworks @loader_path/Frameworks";
				PRODUCT_BUNDLE_IDENTIFIER = vanfordinc.TweedTests;
				PRODUCT_NAME = "$(TARGET_NAME)";
				TEST_HOST = "$(BUILT_PRODUCTS_DIR)/Tweed.app/Tweed";
			};
			name = Debug;
		};
		8614E8331CA5F39600DF48EA /* Release */ = {
			isa = XCBuildConfiguration;
			buildSettings = {
				BUNDLE_LOADER = "$(TEST_HOST)";
				INFOPLIST_FILE = TweedTests/Info.plist;
				LD_RUNPATH_SEARCH_PATHS = "$(inherited) @executable_path/Frameworks @loader_path/Frameworks";
				PRODUCT_BUNDLE_IDENTIFIER = vanfordinc.TweedTests;
				PRODUCT_NAME = "$(TARGET_NAME)";
				TEST_HOST = "$(BUILT_PRODUCTS_DIR)/Tweed.app/Tweed";
			};
			name = Release;
		};
		8614E8351CA5F39600DF48EA /* Debug */ = {
			isa = XCBuildConfiguration;
			buildSettings = {
				INFOPLIST_FILE = TweedUITests/Info.plist;
				LD_RUNPATH_SEARCH_PATHS = "$(inherited) @executable_path/Frameworks @loader_path/Frameworks";
				PRODUCT_BUNDLE_IDENTIFIER = vanfordinc.TweedUITests;
				PRODUCT_NAME = "$(TARGET_NAME)";
				TEST_TARGET_NAME = Tweed;
				USES_XCTRUNNER = YES;
			};
			name = Debug;
		};
		8614E8361CA5F39600DF48EA /* Release */ = {
			isa = XCBuildConfiguration;
			buildSettings = {
				INFOPLIST_FILE = TweedUITests/Info.plist;
				LD_RUNPATH_SEARCH_PATHS = "$(inherited) @executable_path/Frameworks @loader_path/Frameworks";
				PRODUCT_BUNDLE_IDENTIFIER = vanfordinc.TweedUITests;
				PRODUCT_NAME = "$(TARGET_NAME)";
				TEST_TARGET_NAME = Tweed;
				USES_XCTRUNNER = YES;
			};
			name = Release;
		};
/* End XCBuildConfiguration section */

/* Begin XCConfigurationList section */
		8614E7FE1CA5F39600DF48EA /* Build configuration list for PBXProject "Tweed" */ = {
			isa = XCConfigurationList;
			buildConfigurations = (
				8614E82C1CA5F39600DF48EA /* Debug */,
				8614E82D1CA5F39600DF48EA /* Release */,
			);
			defaultConfigurationIsVisible = 0;
			defaultConfigurationName = Release;
		};
		8614E82E1CA5F39600DF48EA /* Build configuration list for PBXNativeTarget "Tweed" */ = {
			isa = XCConfigurationList;
			buildConfigurations = (
				8614E82F1CA5F39600DF48EA /* Debug */,
				8614E8301CA5F39600DF48EA /* Release */,
			);
			defaultConfigurationIsVisible = 0;
			defaultConfigurationName = Release;
		};
		8614E8311CA5F39600DF48EA /* Build configuration list for PBXNativeTarget "TweedTests" */ = {
			isa = XCConfigurationList;
			buildConfigurations = (
				8614E8321CA5F39600DF48EA /* Debug */,
				8614E8331CA5F39600DF48EA /* Release */,
			);
			defaultConfigurationIsVisible = 0;
			defaultConfigurationName = Release;
		};
		8614E8341CA5F39600DF48EA /* Build configuration list for PBXNativeTarget "TweedUITests" */ = {
			isa = XCConfigurationList;
			buildConfigurations = (
				8614E8351CA5F39600DF48EA /* Debug */,
				8614E8361CA5F39600DF48EA /* Release */,
			);
			defaultConfigurationIsVisible = 0;
			defaultConfigurationName = Release;
		};
/* End XCConfigurationList section */

/* Begin XCVersionGroup section */
		8614E80D1CA5F39600DF48EA /* Tweed.xcdatamodeld */ = {
			isa = XCVersionGroup;
			children = (
				8614E80E1CA5F39600DF48EA /* Tweed.xcdatamodel */,
			);
			currentVersion = 8614E80E1CA5F39600DF48EA /* Tweed.xcdatamodel */;
			path = Tweed.xcdatamodeld;
			sourceTree = "<group>";
			versionGroupType = wrapper.xcdatamodel;
		};
/* End XCVersionGroup section */
	};
	rootObject = 8614E7FB1CA5F39600DF48EA /* Project object */;
}
